
Microsoft Visual Studio Solution File, Format Version 12.00
# Visual Studio Version 17
VisualStudioVersion = 17.9.34714.143
MinimumVisualStudioVersion = 10.0.40219.1
Project("{2150E333-8FDC-42A3-9474-1A3956D46DE8}") = "Урок 14", "Урок 14", "{CBCBCA2D-A484-44A1-9B4B-DDFD86D26DAE}"
EndProject
Project("{2150E333-8FDC-42A3-9474-1A3956D46DE8}") = "Урок 15", "Урок 15", "{F8391325-74B3-4AB6-8DFE-46EDCD5C166D}"
EndProject
Project("{2150E333-8FDC-42A3-9474-1A3956D46DE8}") = "ДЗ после урока", "ДЗ после урока", "{6F9CE728-ED33-4C66-835E-8879D18D48FB}"
EndProject
Project("{2150E333-8FDC-42A3-9474-1A3956D46DE8}") = "Задания для самостоятельной работы", "Задания для самостоятельной работы", "{4B3032CD-BEBC-4C78-8AD3-9F6953B9C590}"
EndProject
Project("{8BC9CEB8-8B4A-11D0-8D11-00A0C91BC942}") = "Task_1", "Урок 14\ДЗ после урока\Task_1\Task_1.vcxproj", "{76598DC9-6B25-4148-924C-A9E990B1405C}"
EndProject
Project("{8BC9CEB8-8B4A-11D0-8D11-00A0C91BC942}") = "Task_2", "Урок 14\ДЗ после урока\Task_2\Task_2.vcxproj", "{B03B2C9E-3E57-422E-9038-E5FB13575812}"
EndProject
Project("{8BC9CEB8-8B4A-11D0-8D11-00A0C91BC942}") = "Task_3", "Урок 14\ДЗ после урока\Task_3\Task_3.vcxproj", "{F2F27996-223A-4DF9-9AE9-59543FDCB6D0}"
EndProject
Project("{8BC9CEB8-8B4A-11D0-8D11-00A0C91BC942}") = "Task_4", "Урок 14\ДЗ после урока\Task_4\Task_4.vcxproj", "{3FD0A15E-8694-4BDB-8854-55E8E3BD8257}"
EndProject
Project("{8BC9CEB8-8B4A-11D0-8D11-00A0C91BC942}") = "Task_5", "Урок 14\ДЗ после урока\Task_5\Task_5.vcxproj", "{FA9FC81B-DBA9-4999-8CB9-BFAB6759EEEE}"
EndProject
Project("{8BC9CEB8-8B4A-11D0-8D11-00A0C91BC942}") = "Task_1", "Урок 14\Задания для самостоятельной работы\Task_1\Task_1.vcxproj", "{7D4E215A-537B-46A4-B9BF-974C0B0A7703}"
EndProject
Project("{8BC9CEB8-8B4A-11D0-8D11-00A0C91BC942}") = "Task_2", "Урок 14\Задания для самостоятельной работы\Task_2\Task_2.vcxproj", "{880A5ECF-B6B8-4A5C-A016-0BA1A4DBE16B}"
EndProject
Project("{8BC9CEB8-8B4A-11D0-8D11-00A0C91BC942}") = "Task_3", "Урок 14\Задания для самостоятельной работы\Task_3\Task_3.vcxproj", "{711254EB-AB74-4C9F-B5D1-30BED2D80567}"
EndProject
Project("{8BC9CEB8-8B4A-11D0-8D11-00A0C91BC942}") = "Task_4", "Урок 14\Задания для самостоятельной работы\Task_4\Task_4.vcxproj", "{DB459A0F-861D-46C7-9040-59D832B1E505}"
EndProject
Project("{8BC9CEB8-8B4A-11D0-8D11-00A0C91BC942}") = "Task_5", "Урок 14\Задания для самостоятельной работы\Task_5\Task_5.vcxproj", "{60FF64A9-CCB1-4F03-92EE-B30FE4208E3B}"
EndProject
Project("{8BC9CEB8-8B4A-11D0-8D11-00A0C91BC942}") = "Task_6", "Урок 14\Задания для самостоятельной работы\Task_6\Task_6.vcxproj", "{7F92D5F5-84D7-462A-BA2D-1DF3B481BD39}"
EndProject
Project("{2150E333-8FDC-42A3-9474-1A3956D46DE8}") = "Задания для самостоятельной работы", "Задания для самостоятельной работы", "{5A8EBB49-61E4-4656-A30A-8C7AC8E6DBEF}"
EndProject
Project("{8BC9CEB8-8B4A-11D0-8D11-00A0C91BC942}") = "Task_1", "Урок 15\Задания для самостоятельной работы\Task_1\Task_1.vcxproj", "{1BD6B8BF-992E-4708-9EEE-CEF904A94FE1}"
EndProject
Project("{8BC9CEB8-8B4A-11D0-8D11-00A0C91BC942}") = "Task_2", "Урок 15\Задания для самостоятельной работы\Task_2\Task_2.vcxproj", "{F18A0338-1AE5-4CBD-8566-3CA7E99E4538}"
EndProject
Project("{8BC9CEB8-8B4A-11D0-8D11-00A0C91BC942}") = "Task_3", "Урок 15\Задания для самостоятельной работы\Task_3\Task_3.vcxproj", "{8BAC86B5-2778-4986-90C7-FDA34CC5F192}"
EndProject
Project("{8BC9CEB8-8B4A-11D0-8D11-00A0C91BC942}") = "Task_4", "Урок 15\Задания для самостоятельной работы\Task_4\Task_4.vcxproj", "{9B2FD77C-5BC6-4415-84E7-BA32F52EC1DC}"
EndProject
Project("{8BC9CEB8-8B4A-11D0-8D11-00A0C91BC942}") = "Task_5", "Урок 15\Задания для самостоятельной работы\Task_5\Task_5.vcxproj", "{8CFE8F35-3B7B-4529-AC98-C89840CD9842}"
EndProject
Project("{8BC9CEB8-8B4A-11D0-8D11-00A0C91BC942}") = "Task_6", "Урок 15\Задания для самостоятельной работы\Task_6\Task_6.vcxproj", "{380FCA79-BBFE-420A-B246-1FF126B261FC}"
	ProjectSection(ProjectDependencies) = postProject
		{DE429BF0-4542-4E86-B326-36255F29D4FE} = {DE429BF0-4542-4E86-B326-36255F29D4FE}
	EndProjectSection
EndProject
Project("{8BC9CEB8-8B4A-11D0-8D11-00A0C91BC942}") = "Task_7", "Урок 15\Задания для самостоятельной работы\Task_7\Task_7.vcxproj", "{A4968A2B-2C27-495B-91D9-F0135B68CF78}"
	ProjectSection(ProjectDependencies) = postProject
		{DE429BF0-4542-4E86-B326-36255F29D4FE} = {DE429BF0-4542-4E86-B326-36255F29D4FE}
	EndProjectSection
EndProject
Project("{8BC9CEB8-8B4A-11D0-8D11-00A0C91BC942}") = "MatrixLibrary", "Урок 15\Задания для самостоятельной работы\MatrixLibrary\MatrixLibrary.vcxproj", "{DE429BF0-4542-4E86-B326-36255F29D4FE}"
EndProject
Project("{2150E333-8FDC-42A3-9474-1A3956D46DE8}") = "Урок 16", "Урок 16", "{3DD3D97E-C8C5-410A-B367-CDCCDB436542}"
EndProject
Project("{2150E333-8FDC-42A3-9474-1A3956D46DE8}") = "Задания для самостоятельной работы", "Задания для самостоятельной работы", "{C96D6FBF-1212-46D6-B2E3-FDEFBD3BE4A4}"
EndProject
Project("{2150E333-8FDC-42A3-9474-1A3956D46DE8}") = "ДЗ после урока", "ДЗ после урока", "{0AA2B49F-7716-495A-8657-470D29DA82CB}"
EndProject
Project("{2150E333-8FDC-42A3-9474-1A3956D46DE8}") = "Песочница", "Песочница", "{0E02BFB7-A025-4360-8C0B-A929B23D8360}"
EndProject
Project("{8BC9CEB8-8B4A-11D0-8D11-00A0C91BC942}") = "InitStruct", "Урок 16\Песочница\AllAboutStruct\AllAboutStruct.vcxproj", "{4E369377-0A14-40EB-8EBD-89D9C48B876C}"
EndProject
Project("{8BC9CEB8-8B4A-11D0-8D11-00A0C91BC942}") = "ActionStruct", "Урок 16\Песочница\ActionStruct\ActionStruct.vcxproj", "{767AA393-D4A9-42A8-B2E4-D4688A3F260B}"
EndProject
Project("{8BC9CEB8-8B4A-11D0-8D11-00A0C91BC942}") = "SizeOf", "Урок 16\Песочница\SizeOf\SizeOf.vcxproj", "{53E3961A-952D-4A81-AB42-3374BEB43B62}"
EndProject
Project("{8BC9CEB8-8B4A-11D0-8D11-00A0C91BC942}") = "Task_1", "Урок 16\ДЗ после урока\Task_1\Task_1.vcxproj", "{0B066295-964A-4728-A9A5-E00F921963A0}"
EndProject
Project("{8BC9CEB8-8B4A-11D0-8D11-00A0C91BC942}") = "Task_2", "Урок 16\ДЗ после урока\Task_2\Task_2.vcxproj", "{628CCBE3-0EC4-42ED-ADAA-25BCA70BE9FE}"
EndProject
Project("{2150E333-8FDC-42A3-9474-1A3956D46DE8}") = "Песочница", "Песочница", "{EEB81A66-B404-43F3-99C7-C77E24D7DDAD}"
EndProject
Project("{8BC9CEB8-8B4A-11D0-8D11-00A0C91BC942}") = "Auto&DeclType", "Урок 15\Песочница\Auto&DeclType\Auto&DeclType.vcxproj", "{8D6C4557-3CD5-4334-B083-0A030CB54A18}"
EndProject
Project("{2150E333-8FDC-42A3-9474-1A3956D46DE8}") = "Урок 17", "Урок 17", "{4DFECED9-94B5-4FBD-BBC6-F5E140D5D6E0}"
EndProject
Project("{2150E333-8FDC-42A3-9474-1A3956D46DE8}") = "Экзаменационные задания после урока", "Экзаменационные задания после урока", "{78AD064C-4BF8-4B35-9355-43A6A9333099}"
EndProject
Project("{2150E333-8FDC-42A3-9474-1A3956D46DE8}") = "Задания для самостоятельной работы", "Задания для самостоятельной работы", "{D60EDF7E-C500-4B37-A0BA-2803556E9A89}"
EndProject
Project("{2150E333-8FDC-42A3-9474-1A3956D46DE8}") = "Песочница", "Песочница", "{28E807E7-9C40-423B-A37B-9BDCE53AF23E}"
EndProject
Project("{8BC9CEB8-8B4A-11D0-8D11-00A0C91BC942}") = "Условная компиляция", "Урок 17\Песочница\Условная компиляция\Условная компиляция.vcxproj", "{24185795-BC60-4727-93A0-66B814AC790E}"
EndProject
Project("{8BC9CEB8-8B4A-11D0-8D11-00A0C91BC942}") = "line", "Урок 17\Песочница\Другие директивы\Другие директивы.vcxproj", "{3930BA99-2D6C-4EF5-9432-6A121725EC5C}"
EndProject
Project("{8BC9CEB8-8B4A-11D0-8D11-00A0C91BC942}") = "Разнесение проекта на набор файлов", "Урок 17\Песочница\Разнесение проекта на набор файлов\Разнесение проекта на набор файлов.vcxproj", "{4C902A26-F3FB-4DF9-99FE-32ADE19A6AE6}"
EndProject
Project("{2150E333-8FDC-42A3-9474-1A3956D46DE8}") = "Определение с помощью define", "Определение с помощью define", "{E22D65F7-366B-44A8-A69D-33A3FC20FA93}"
EndProject
Project("{2150E333-8FDC-42A3-9474-1A3956D46DE8}") = "Условная компиляция", "Условная компиляция", "{E31EAE5E-D16B-46AE-A6B5-FCE33067F1DC}"
EndProject
Project("{2150E333-8FDC-42A3-9474-1A3956D46DE8}") = "Другие директивы", "Другие директивы", "{3F1982F0-2317-47F9-BDF2-7C876011557C}"
EndProject
Project("{8BC9CEB8-8B4A-11D0-8D11-00A0C91BC942}") = "error", "Урок 17\Песочница\Другие директивы\error\error.vcxproj", "{4278A4F9-E937-4F39-B729-D6A399D154B2}"
EndProject
Project("{8BC9CEB8-8B4A-11D0-8D11-00A0C91BC942}") = "undef", "Урок 17\Песочница\Препроцессор\undef\undef.vcxproj", "{8CC55852-CC93-427A-8401-05925A73333D}"
EndProject
Project("{8BC9CEB8-8B4A-11D0-8D11-00A0C91BC942}") = "define", "Урок 17\Песочница\Препроцессор\define\define.vcxproj", "{EB669540-44F6-4EED-A8FD-02D5D9612F36}"
EndProject
Project("{8BC9CEB8-8B4A-11D0-8D11-00A0C91BC942}") = "pragma", "Урок 17\Песочница\Другие директивы\pragma\pragma.vcxproj", "{099F1462-F007-40E1-8AC8-2B7AD1E74FE8}"
EndProject
Project("{8BC9CEB8-8B4A-11D0-8D11-00A0C91BC942}") = "TextFilter", "Урок 17\Экзаменационные задания после урока\TextFilter\TextFilter.vcxproj", "{47FD4FED-03C2-4D20-B038-93FF73E507D7}"
EndProject
Project("{8BC9CEB8-8B4A-11D0-8D11-00A0C91BC942}") = "Task1", "Урок 16\Задания для самостоятельной работы\Task1\Task1.vcxproj", "{01E60794-E08C-4B71-8BC5-FCBCF59EEADE}"
EndProject
Project("{8BC9CEB8-8B4A-11D0-8D11-00A0C91BC942}") = "Task2", "Урок 16\Задания для самостоятельной работы\Task2\Task2.vcxproj", "{82861ADF-6652-4031-A325-3F1632B3F499}"
EndProject
Project("{8BC9CEB8-8B4A-11D0-8D11-00A0C91BC942}") = "Task4", "Урок 16\Задания для самостоятельной работы\Task4\Task4.vcxproj", "{EF44F52C-F8DD-4D01-84B3-36649B25CA25}"
EndProject
Project("{8BC9CEB8-8B4A-11D0-8D11-00A0C91BC942}") = "Task5", "Урок 16\Задания для самостоятельной работы\Task5\Task5.vcxproj", "{54270559-DD1B-44A3-8884-98848678446E}"
EndProject
Project("{8BC9CEB8-8B4A-11D0-8D11-00A0C91BC942}") = "Task3", "Урок 16\Задания для самостоятельной работы\Task3\Task3.vcxproj", "{6CD92D37-8C82-46AB-991F-537C0FF3EE6B}"
EndProject
Project("{8BC9CEB8-8B4A-11D0-8D11-00A0C91BC942}") = "Task6", "Урок 16\Задания для самостоятельной работы\Task6\Task6.vcxproj", "{EA0AD894-3561-4EE1-99DF-911293725626}"
EndProject
Project("{8BC9CEB8-8B4A-11D0-8D11-00A0C91BC942}") = "Task7", "Урок 16\Задания для самостоятельной работы\Task7\Task7.vcxproj", "{AF9D4BF6-A7D9-47FC-930F-FE9DBB484A14}"
EndProject
Project("{8BC9CEB8-8B4A-11D0-8D11-00A0C91BC942}") = "Task8", "Урок 16\Задания для самостоятельной работы\Task8\Task8.vcxproj", "{2535F2D3-21A8-486D-BD83-861B5B99322C}"
EndProject
Project("{8BC9CEB8-8B4A-11D0-8D11-00A0C91BC942}") = "Task9", "Урок 16\Задания для самостоятельной работы\Task9\Task9.vcxproj", "{02E6A4B7-9F94-47BC-9F4A-5A49CD3326F9}"
EndProject
Project("{8BC9CEB8-8B4A-11D0-8D11-00A0C91BC942}") = "Task10", "Урок 16\Задания для самостоятельной работы\Task10\Task10.vcxproj", "{A66E2A69-7167-4DE4-AC5F-5284F1513096}"
EndProject
Project("{2150E333-8FDC-42A3-9474-1A3956D46DE8}") = "ДЗ", "ДЗ", "{961148DE-604A-40A4-BDCD-5B06B18B5AC9}"
EndProject
Project("{8BC9CEB8-8B4A-11D0-8D11-00A0C91BC942}") = "Task1", "Урок 14\ДЗ\Task1\Task1.vcxproj", "{1E3344A1-EF98-49BD-A25D-4DEFCF59197D}"
EndProject
Project("{8BC9CEB8-8B4A-11D0-8D11-00A0C91BC942}") = "Task2", "Урок 14\ДЗ\Task2\Task2.vcxproj", "{C23E7F7B-3FC6-4266-81C3-3908390F5A1F}"
EndProject
Project("{8BC9CEB8-8B4A-11D0-8D11-00A0C91BC942}") = "Task3", "Урок 14\ДЗ\Task3\Task3.vcxproj", "{0346691C-69C1-4AA0-934A-1CB121AFC427}"
EndProject
Project("{8BC9CEB8-8B4A-11D0-8D11-00A0C91BC942}") = "Task4", "Урок 14\ДЗ\Task4\Task4.vcxproj", "{E66F7180-1F05-4187-B810-331B26FD5D4F}"
EndProject
Project("{8BC9CEB8-8B4A-11D0-8D11-00A0C91BC942}") = "Task5", "Урок 14\ДЗ\Task5\Task5.vcxproj", "{5F136B38-E1D6-4F4D-AD18-E27E42295C31}"
EndProject
Project("{8BC9CEB8-8B4A-11D0-8D11-00A0C91BC942}") = "Task6", "Урок 14\ДЗ\Task6\Task6.vcxproj", "{C14E2614-5EE1-4A46-97D6-70CAA93F3D1F}"
EndProject
Project("{2150E333-8FDC-42A3-9474-1A3956D46DE8}") = "ДЗ", "ДЗ", "{37FC5916-0FA1-46AE-8375-85FCCCC1A0C3}"
EndProject
Project("{8BC9CEB8-8B4A-11D0-8D11-00A0C91BC942}") = "Task1", "Урок 15\ДЗ\Task1\Task1.vcxproj", "{219AED97-AE2B-4DF4-9EAE-3EF274557A9A}"
EndProject
Project("{8BC9CEB8-8B4A-11D0-8D11-00A0C91BC942}") = "Task2", "Урок 15\ДЗ\Task2\Task2.vcxproj", "{4195FCD4-5EF9-462F-9849-77F8CEF22215}"
EndProject
Project("{2150E333-8FDC-42A3-9474-1A3956D46DE8}") = "Урок 18", "Урок 18", "{F9B2CBCC-14FA-4FAB-A144-BA2E00096362}"
EndProject
Project("{2150E333-8FDC-42A3-9474-1A3956D46DE8}") = "Песочница", "Песочница", "{A8B8B95D-857A-4748-BE21-08AA059FD374}"
EndProject
Project("{8BC9CEB8-8B4A-11D0-8D11-00A0C91BC942}") = "Sandbox", "Урок 18\Песочница\Sandbox\Sandbox.vcxproj", "{17E97470-AD70-43D9-B4A5-A23C80B77BB7}"
EndProject
Project("{8BC9CEB8-8B4A-11D0-8D11-00A0C91BC942}") = "BitFields", "Урок 18\Песочница\BitFields\BitFields.vcxproj", "{0AEFD94A-372A-43FE-BBB5-112588D3F51B}"
EndProject
Project("{2150E333-8FDC-42A3-9474-1A3956D46DE8}") = "Работа с файлами", "Работа с файлами", "{863A8BE2-1892-4BAC-8CD2-1AF7A3FA3911}"
EndProject
Project("{8BC9CEB8-8B4A-11D0-8D11-00A0C91BC942}") = "1. WriteFile", "Урок 18\Песочница\Работа с файлами\FileOpen\FileOpen.vcxproj", "{E812EE34-DCA2-42AF-9EA9-FBFB2E9CF3CF}"
EndProject
Project("{8BC9CEB8-8B4A-11D0-8D11-00A0C91BC942}") = "2. WriteArrToFile", "Урок 18\Песочница\Работа с файлами\SaveToFile\SaveToFile.vcxproj", "{EF2B0921-0974-4437-9FF5-939E699D7BF1}"
EndProject
Project("{8BC9CEB8-8B4A-11D0-8D11-00A0C91BC942}") = "3. ReadFile", "Урок 18\Песочница\Работа с файлами\ReadFile\ReadFile.vcxproj", "{F1D5E2BD-634E-43A4-B4E9-C35C39A41F2D}"
EndProject
Project("{8BC9CEB8-8B4A-11D0-8D11-00A0C91BC942}") = "4. ReadFileToStruct", "Урок 18\Песочница\Работа с файлами\ReadFileToStruct\ReadFileToStruct.vcxproj", "{341A15B7-7A13-4E2D-A71D-DAFA8A7BA1BE}"
EndProject
Project("{8BC9CEB8-8B4A-11D0-8D11-00A0C91BC942}") = "5. ReadTextFromFile", "Урок 18\Песочница\Работа с файлами\ReadTextFromFile\ReadTextFromFile.vcxproj", "{254400BA-2A5A-4021-9D98-747A77C1316B}"
EndProject
Project("{8BC9CEB8-8B4A-11D0-8D11-00A0C91BC942}") = "7. WriteToBinaryFile", "Урок 18\Песочница\Работа с файлами\WriteToBinaryFile\WriteToBinaryFile.vcxproj", "{AEF2E522-AF0E-4B00-820D-6B2D0E6998EE}"
EndProject
Project("{8BC9CEB8-8B4A-11D0-8D11-00A0C91BC942}") = "6. ReadFileByStr", "Урок 18\Песочница\Работа с файлами\ReadFileByStr\ReadFileByStr.vcxproj", "{C96685D1-0599-436A-82B6-3AB58552E3BE}"
EndProject
Project("{8BC9CEB8-8B4A-11D0-8D11-00A0C91BC942}") = "8. WriteAndReadBinFile", "Урок 18\Песочница\Работа с файлами\WriteAndReadBinFile\WriteAndReadBinFile.vcxproj", "{8062E610-CE7B-4744-8259-A9571B63E8A6}"
EndProject
Project("{8BC9CEB8-8B4A-11D0-8D11-00A0C91BC942}") = "9. SwapMinMaxInBinFile", "Урок 18\Песочница\Работа с файлами\SwapMinMaxInBinFile\SwapMinMaxInBinFile.vcxproj", "{7808D8E0-E8ED-48B4-BC44-EE2AC7BA2E4E}"
EndProject
Global
	GlobalSection(SolutionConfigurationPlatforms) = preSolution
		Debug|x64 = Debug|x64
		Debug|x86 = Debug|x86
		Release|x64 = Release|x64
		Release|x86 = Release|x86
	EndGlobalSection
	GlobalSection(ProjectConfigurationPlatforms) = postSolution
		{76598DC9-6B25-4148-924C-A9E990B1405C}.Debug|x64.ActiveCfg = Debug|x64
		{76598DC9-6B25-4148-924C-A9E990B1405C}.Debug|x64.Build.0 = Debug|x64
		{76598DC9-6B25-4148-924C-A9E990B1405C}.Debug|x86.ActiveCfg = Debug|Win32
		{76598DC9-6B25-4148-924C-A9E990B1405C}.Debug|x86.Build.0 = Debug|Win32
		{76598DC9-6B25-4148-924C-A9E990B1405C}.Release|x64.ActiveCfg = Release|x64
		{76598DC9-6B25-4148-924C-A9E990B1405C}.Release|x64.Build.0 = Release|x64
		{76598DC9-6B25-4148-924C-A9E990B1405C}.Release|x86.ActiveCfg = Release|Win32
		{76598DC9-6B25-4148-924C-A9E990B1405C}.Release|x86.Build.0 = Release|Win32
		{B03B2C9E-3E57-422E-9038-E5FB13575812}.Debug|x64.ActiveCfg = Debug|x64
		{B03B2C9E-3E57-422E-9038-E5FB13575812}.Debug|x64.Build.0 = Debug|x64
		{B03B2C9E-3E57-422E-9038-E5FB13575812}.Debug|x86.ActiveCfg = Debug|Win32
		{B03B2C9E-3E57-422E-9038-E5FB13575812}.Debug|x86.Build.0 = Debug|Win32
		{B03B2C9E-3E57-422E-9038-E5FB13575812}.Release|x64.ActiveCfg = Release|x64
		{B03B2C9E-3E57-422E-9038-E5FB13575812}.Release|x64.Build.0 = Release|x64
		{B03B2C9E-3E57-422E-9038-E5FB13575812}.Release|x86.ActiveCfg = Release|Win32
		{B03B2C9E-3E57-422E-9038-E5FB13575812}.Release|x86.Build.0 = Release|Win32
		{F2F27996-223A-4DF9-9AE9-59543FDCB6D0}.Debug|x64.ActiveCfg = Debug|x64
		{F2F27996-223A-4DF9-9AE9-59543FDCB6D0}.Debug|x64.Build.0 = Debug|x64
		{F2F27996-223A-4DF9-9AE9-59543FDCB6D0}.Debug|x86.ActiveCfg = Debug|Win32
		{F2F27996-223A-4DF9-9AE9-59543FDCB6D0}.Debug|x86.Build.0 = Debug|Win32
		{F2F27996-223A-4DF9-9AE9-59543FDCB6D0}.Release|x64.ActiveCfg = Release|x64
		{F2F27996-223A-4DF9-9AE9-59543FDCB6D0}.Release|x64.Build.0 = Release|x64
		{F2F27996-223A-4DF9-9AE9-59543FDCB6D0}.Release|x86.ActiveCfg = Release|Win32
		{F2F27996-223A-4DF9-9AE9-59543FDCB6D0}.Release|x86.Build.0 = Release|Win32
		{3FD0A15E-8694-4BDB-8854-55E8E3BD8257}.Debug|x64.ActiveCfg = Debug|x64
		{3FD0A15E-8694-4BDB-8854-55E8E3BD8257}.Debug|x64.Build.0 = Debug|x64
		{3FD0A15E-8694-4BDB-8854-55E8E3BD8257}.Debug|x86.ActiveCfg = Debug|Win32
		{3FD0A15E-8694-4BDB-8854-55E8E3BD8257}.Debug|x86.Build.0 = Debug|Win32
		{3FD0A15E-8694-4BDB-8854-55E8E3BD8257}.Release|x64.ActiveCfg = Release|x64
		{3FD0A15E-8694-4BDB-8854-55E8E3BD8257}.Release|x64.Build.0 = Release|x64
		{3FD0A15E-8694-4BDB-8854-55E8E3BD8257}.Release|x86.ActiveCfg = Release|Win32
		{3FD0A15E-8694-4BDB-8854-55E8E3BD8257}.Release|x86.Build.0 = Release|Win32
		{FA9FC81B-DBA9-4999-8CB9-BFAB6759EEEE}.Debug|x64.ActiveCfg = Debug|x64
		{FA9FC81B-DBA9-4999-8CB9-BFAB6759EEEE}.Debug|x64.Build.0 = Debug|x64
		{FA9FC81B-DBA9-4999-8CB9-BFAB6759EEEE}.Debug|x86.ActiveCfg = Debug|Win32
		{FA9FC81B-DBA9-4999-8CB9-BFAB6759EEEE}.Debug|x86.Build.0 = Debug|Win32
		{FA9FC81B-DBA9-4999-8CB9-BFAB6759EEEE}.Release|x64.ActiveCfg = Release|x64
		{FA9FC81B-DBA9-4999-8CB9-BFAB6759EEEE}.Release|x64.Build.0 = Release|x64
		{FA9FC81B-DBA9-4999-8CB9-BFAB6759EEEE}.Release|x86.ActiveCfg = Release|Win32
		{FA9FC81B-DBA9-4999-8CB9-BFAB6759EEEE}.Release|x86.Build.0 = Release|Win32
		{7D4E215A-537B-46A4-B9BF-974C0B0A7703}.Debug|x64.ActiveCfg = Debug|x64
		{7D4E215A-537B-46A4-B9BF-974C0B0A7703}.Debug|x64.Build.0 = Debug|x64
		{7D4E215A-537B-46A4-B9BF-974C0B0A7703}.Debug|x86.ActiveCfg = Debug|Win32
		{7D4E215A-537B-46A4-B9BF-974C0B0A7703}.Debug|x86.Build.0 = Debug|Win32
		{7D4E215A-537B-46A4-B9BF-974C0B0A7703}.Release|x64.ActiveCfg = Release|x64
		{7D4E215A-537B-46A4-B9BF-974C0B0A7703}.Release|x64.Build.0 = Release|x64
		{7D4E215A-537B-46A4-B9BF-974C0B0A7703}.Release|x86.ActiveCfg = Release|Win32
		{7D4E215A-537B-46A4-B9BF-974C0B0A7703}.Release|x86.Build.0 = Release|Win32
		{880A5ECF-B6B8-4A5C-A016-0BA1A4DBE16B}.Debug|x64.ActiveCfg = Debug|x64
		{880A5ECF-B6B8-4A5C-A016-0BA1A4DBE16B}.Debug|x64.Build.0 = Debug|x64
		{880A5ECF-B6B8-4A5C-A016-0BA1A4DBE16B}.Debug|x86.ActiveCfg = Debug|Win32
		{880A5ECF-B6B8-4A5C-A016-0BA1A4DBE16B}.Debug|x86.Build.0 = Debug|Win32
		{880A5ECF-B6B8-4A5C-A016-0BA1A4DBE16B}.Release|x64.ActiveCfg = Release|x64
		{880A5ECF-B6B8-4A5C-A016-0BA1A4DBE16B}.Release|x64.Build.0 = Release|x64
		{880A5ECF-B6B8-4A5C-A016-0BA1A4DBE16B}.Release|x86.ActiveCfg = Release|Win32
		{880A5ECF-B6B8-4A5C-A016-0BA1A4DBE16B}.Release|x86.Build.0 = Release|Win32
		{711254EB-AB74-4C9F-B5D1-30BED2D80567}.Debug|x64.ActiveCfg = Debug|x64
		{711254EB-AB74-4C9F-B5D1-30BED2D80567}.Debug|x64.Build.0 = Debug|x64
		{711254EB-AB74-4C9F-B5D1-30BED2D80567}.Debug|x86.ActiveCfg = Debug|Win32
		{711254EB-AB74-4C9F-B5D1-30BED2D80567}.Debug|x86.Build.0 = Debug|Win32
		{711254EB-AB74-4C9F-B5D1-30BED2D80567}.Release|x64.ActiveCfg = Release|x64
		{711254EB-AB74-4C9F-B5D1-30BED2D80567}.Release|x64.Build.0 = Release|x64
		{711254EB-AB74-4C9F-B5D1-30BED2D80567}.Release|x86.ActiveCfg = Release|Win32
		{711254EB-AB74-4C9F-B5D1-30BED2D80567}.Release|x86.Build.0 = Release|Win32
		{DB459A0F-861D-46C7-9040-59D832B1E505}.Debug|x64.ActiveCfg = Debug|x64
		{DB459A0F-861D-46C7-9040-59D832B1E505}.Debug|x64.Build.0 = Debug|x64
		{DB459A0F-861D-46C7-9040-59D832B1E505}.Debug|x86.ActiveCfg = Debug|Win32
		{DB459A0F-861D-46C7-9040-59D832B1E505}.Debug|x86.Build.0 = Debug|Win32
		{DB459A0F-861D-46C7-9040-59D832B1E505}.Release|x64.ActiveCfg = Release|x64
		{DB459A0F-861D-46C7-9040-59D832B1E505}.Release|x64.Build.0 = Release|x64
		{DB459A0F-861D-46C7-9040-59D832B1E505}.Release|x86.ActiveCfg = Release|Win32
		{DB459A0F-861D-46C7-9040-59D832B1E505}.Release|x86.Build.0 = Release|Win32
		{60FF64A9-CCB1-4F03-92EE-B30FE4208E3B}.Debug|x64.ActiveCfg = Debug|x64
		{60FF64A9-CCB1-4F03-92EE-B30FE4208E3B}.Debug|x64.Build.0 = Debug|x64
		{60FF64A9-CCB1-4F03-92EE-B30FE4208E3B}.Debug|x86.ActiveCfg = Debug|Win32
		{60FF64A9-CCB1-4F03-92EE-B30FE4208E3B}.Debug|x86.Build.0 = Debug|Win32
		{60FF64A9-CCB1-4F03-92EE-B30FE4208E3B}.Release|x64.ActiveCfg = Release|x64
		{60FF64A9-CCB1-4F03-92EE-B30FE4208E3B}.Release|x64.Build.0 = Release|x64
		{60FF64A9-CCB1-4F03-92EE-B30FE4208E3B}.Release|x86.ActiveCfg = Release|Win32
		{60FF64A9-CCB1-4F03-92EE-B30FE4208E3B}.Release|x86.Build.0 = Release|Win32
		{7F92D5F5-84D7-462A-BA2D-1DF3B481BD39}.Debug|x64.ActiveCfg = Debug|x64
		{7F92D5F5-84D7-462A-BA2D-1DF3B481BD39}.Debug|x64.Build.0 = Debug|x64
		{7F92D5F5-84D7-462A-BA2D-1DF3B481BD39}.Debug|x86.ActiveCfg = Debug|Win32
		{7F92D5F5-84D7-462A-BA2D-1DF3B481BD39}.Debug|x86.Build.0 = Debug|Win32
		{7F92D5F5-84D7-462A-BA2D-1DF3B481BD39}.Release|x64.ActiveCfg = Release|x64
		{7F92D5F5-84D7-462A-BA2D-1DF3B481BD39}.Release|x64.Build.0 = Release|x64
		{7F92D5F5-84D7-462A-BA2D-1DF3B481BD39}.Release|x86.ActiveCfg = Release|Win32
		{7F92D5F5-84D7-462A-BA2D-1DF3B481BD39}.Release|x86.Build.0 = Release|Win32
		{1BD6B8BF-992E-4708-9EEE-CEF904A94FE1}.Debug|x64.ActiveCfg = Debug|x64
		{1BD6B8BF-992E-4708-9EEE-CEF904A94FE1}.Debug|x64.Build.0 = Debug|x64
		{1BD6B8BF-992E-4708-9EEE-CEF904A94FE1}.Debug|x86.ActiveCfg = Debug|Win32
		{1BD6B8BF-992E-4708-9EEE-CEF904A94FE1}.Debug|x86.Build.0 = Debug|Win32
		{1BD6B8BF-992E-4708-9EEE-CEF904A94FE1}.Release|x64.ActiveCfg = Release|x64
		{1BD6B8BF-992E-4708-9EEE-CEF904A94FE1}.Release|x64.Build.0 = Release|x64
		{1BD6B8BF-992E-4708-9EEE-CEF904A94FE1}.Release|x86.ActiveCfg = Release|Win32
		{1BD6B8BF-992E-4708-9EEE-CEF904A94FE1}.Release|x86.Build.0 = Release|Win32
		{F18A0338-1AE5-4CBD-8566-3CA7E99E4538}.Debug|x64.ActiveCfg = Debug|x64
		{F18A0338-1AE5-4CBD-8566-3CA7E99E4538}.Debug|x64.Build.0 = Debug|x64
		{F18A0338-1AE5-4CBD-8566-3CA7E99E4538}.Debug|x86.ActiveCfg = Debug|Win32
		{F18A0338-1AE5-4CBD-8566-3CA7E99E4538}.Debug|x86.Build.0 = Debug|Win32
		{F18A0338-1AE5-4CBD-8566-3CA7E99E4538}.Release|x64.ActiveCfg = Release|x64
		{F18A0338-1AE5-4CBD-8566-3CA7E99E4538}.Release|x64.Build.0 = Release|x64
		{F18A0338-1AE5-4CBD-8566-3CA7E99E4538}.Release|x86.ActiveCfg = Release|Win32
		{F18A0338-1AE5-4CBD-8566-3CA7E99E4538}.Release|x86.Build.0 = Release|Win32
		{8BAC86B5-2778-4986-90C7-FDA34CC5F192}.Debug|x64.ActiveCfg = Debug|x64
		{8BAC86B5-2778-4986-90C7-FDA34CC5F192}.Debug|x64.Build.0 = Debug|x64
		{8BAC86B5-2778-4986-90C7-FDA34CC5F192}.Debug|x86.ActiveCfg = Debug|Win32
		{8BAC86B5-2778-4986-90C7-FDA34CC5F192}.Debug|x86.Build.0 = Debug|Win32
		{8BAC86B5-2778-4986-90C7-FDA34CC5F192}.Release|x64.ActiveCfg = Release|x64
		{8BAC86B5-2778-4986-90C7-FDA34CC5F192}.Release|x64.Build.0 = Release|x64
		{8BAC86B5-2778-4986-90C7-FDA34CC5F192}.Release|x86.ActiveCfg = Release|Win32
		{8BAC86B5-2778-4986-90C7-FDA34CC5F192}.Release|x86.Build.0 = Release|Win32
		{9B2FD77C-5BC6-4415-84E7-BA32F52EC1DC}.Debug|x64.ActiveCfg = Debug|x64
		{9B2FD77C-5BC6-4415-84E7-BA32F52EC1DC}.Debug|x64.Build.0 = Debug|x64
		{9B2FD77C-5BC6-4415-84E7-BA32F52EC1DC}.Debug|x86.ActiveCfg = Debug|Win32
		{9B2FD77C-5BC6-4415-84E7-BA32F52EC1DC}.Debug|x86.Build.0 = Debug|Win32
		{9B2FD77C-5BC6-4415-84E7-BA32F52EC1DC}.Release|x64.ActiveCfg = Release|x64
		{9B2FD77C-5BC6-4415-84E7-BA32F52EC1DC}.Release|x64.Build.0 = Release|x64
		{9B2FD77C-5BC6-4415-84E7-BA32F52EC1DC}.Release|x86.ActiveCfg = Release|Win32
		{9B2FD77C-5BC6-4415-84E7-BA32F52EC1DC}.Release|x86.Build.0 = Release|Win32
		{8CFE8F35-3B7B-4529-AC98-C89840CD9842}.Debug|x64.ActiveCfg = Debug|x64
		{8CFE8F35-3B7B-4529-AC98-C89840CD9842}.Debug|x64.Build.0 = Debug|x64
		{8CFE8F35-3B7B-4529-AC98-C89840CD9842}.Debug|x86.ActiveCfg = Debug|Win32
		{8CFE8F35-3B7B-4529-AC98-C89840CD9842}.Debug|x86.Build.0 = Debug|Win32
		{8CFE8F35-3B7B-4529-AC98-C89840CD9842}.Release|x64.ActiveCfg = Release|x64
		{8CFE8F35-3B7B-4529-AC98-C89840CD9842}.Release|x64.Build.0 = Release|x64
		{8CFE8F35-3B7B-4529-AC98-C89840CD9842}.Release|x86.ActiveCfg = Release|Win32
		{8CFE8F35-3B7B-4529-AC98-C89840CD9842}.Release|x86.Build.0 = Release|Win32
		{380FCA79-BBFE-420A-B246-1FF126B261FC}.Debug|x64.ActiveCfg = Debug|x64
		{380FCA79-BBFE-420A-B246-1FF126B261FC}.Debug|x64.Build.0 = Debug|x64
		{380FCA79-BBFE-420A-B246-1FF126B261FC}.Debug|x86.ActiveCfg = Debug|Win32
		{380FCA79-BBFE-420A-B246-1FF126B261FC}.Debug|x86.Build.0 = Debug|Win32
		{380FCA79-BBFE-420A-B246-1FF126B261FC}.Release|x64.ActiveCfg = Release|x64
		{380FCA79-BBFE-420A-B246-1FF126B261FC}.Release|x64.Build.0 = Release|x64
		{380FCA79-BBFE-420A-B246-1FF126B261FC}.Release|x86.ActiveCfg = Release|Win32
		{380FCA79-BBFE-420A-B246-1FF126B261FC}.Release|x86.Build.0 = Release|Win32
		{A4968A2B-2C27-495B-91D9-F0135B68CF78}.Debug|x64.ActiveCfg = Debug|x64
		{A4968A2B-2C27-495B-91D9-F0135B68CF78}.Debug|x64.Build.0 = Debug|x64
		{A4968A2B-2C27-495B-91D9-F0135B68CF78}.Debug|x86.ActiveCfg = Debug|Win32
		{A4968A2B-2C27-495B-91D9-F0135B68CF78}.Debug|x86.Build.0 = Debug|Win32
		{A4968A2B-2C27-495B-91D9-F0135B68CF78}.Release|x64.ActiveCfg = Release|x64
		{A4968A2B-2C27-495B-91D9-F0135B68CF78}.Release|x64.Build.0 = Release|x64
		{A4968A2B-2C27-495B-91D9-F0135B68CF78}.Release|x86.ActiveCfg = Release|Win32
		{A4968A2B-2C27-495B-91D9-F0135B68CF78}.Release|x86.Build.0 = Release|Win32
		{DE429BF0-4542-4E86-B326-36255F29D4FE}.Debug|x64.ActiveCfg = Debug|x64
		{DE429BF0-4542-4E86-B326-36255F29D4FE}.Debug|x64.Build.0 = Debug|x64
		{DE429BF0-4542-4E86-B326-36255F29D4FE}.Debug|x86.ActiveCfg = Debug|Win32
		{DE429BF0-4542-4E86-B326-36255F29D4FE}.Debug|x86.Build.0 = Debug|Win32
		{DE429BF0-4542-4E86-B326-36255F29D4FE}.Release|x64.ActiveCfg = Release|x64
		{DE429BF0-4542-4E86-B326-36255F29D4FE}.Release|x64.Build.0 = Release|x64
		{DE429BF0-4542-4E86-B326-36255F29D4FE}.Release|x86.ActiveCfg = Release|Win32
		{DE429BF0-4542-4E86-B326-36255F29D4FE}.Release|x86.Build.0 = Release|Win32
		{4E369377-0A14-40EB-8EBD-89D9C48B876C}.Debug|x64.ActiveCfg = Debug|x64
		{4E369377-0A14-40EB-8EBD-89D9C48B876C}.Debug|x64.Build.0 = Debug|x64
		{4E369377-0A14-40EB-8EBD-89D9C48B876C}.Debug|x86.ActiveCfg = Debug|Win32
		{4E369377-0A14-40EB-8EBD-89D9C48B876C}.Debug|x86.Build.0 = Debug|Win32
		{4E369377-0A14-40EB-8EBD-89D9C48B876C}.Release|x64.ActiveCfg = Release|x64
		{4E369377-0A14-40EB-8EBD-89D9C48B876C}.Release|x64.Build.0 = Release|x64
		{4E369377-0A14-40EB-8EBD-89D9C48B876C}.Release|x86.ActiveCfg = Release|Win32
		{4E369377-0A14-40EB-8EBD-89D9C48B876C}.Release|x86.Build.0 = Release|Win32
		{767AA393-D4A9-42A8-B2E4-D4688A3F260B}.Debug|x64.ActiveCfg = Debug|x64
		{767AA393-D4A9-42A8-B2E4-D4688A3F260B}.Debug|x64.Build.0 = Debug|x64
		{767AA393-D4A9-42A8-B2E4-D4688A3F260B}.Debug|x86.ActiveCfg = Debug|Win32
		{767AA393-D4A9-42A8-B2E4-D4688A3F260B}.Debug|x86.Build.0 = Debug|Win32
		{767AA393-D4A9-42A8-B2E4-D4688A3F260B}.Release|x64.ActiveCfg = Release|x64
		{767AA393-D4A9-42A8-B2E4-D4688A3F260B}.Release|x64.Build.0 = Release|x64
		{767AA393-D4A9-42A8-B2E4-D4688A3F260B}.Release|x86.ActiveCfg = Release|Win32
		{767AA393-D4A9-42A8-B2E4-D4688A3F260B}.Release|x86.Build.0 = Release|Win32
		{53E3961A-952D-4A81-AB42-3374BEB43B62}.Debug|x64.ActiveCfg = Debug|x64
		{53E3961A-952D-4A81-AB42-3374BEB43B62}.Debug|x64.Build.0 = Debug|x64
		{53E3961A-952D-4A81-AB42-3374BEB43B62}.Debug|x86.ActiveCfg = Debug|Win32
		{53E3961A-952D-4A81-AB42-3374BEB43B62}.Debug|x86.Build.0 = Debug|Win32
		{53E3961A-952D-4A81-AB42-3374BEB43B62}.Release|x64.ActiveCfg = Release|x64
		{53E3961A-952D-4A81-AB42-3374BEB43B62}.Release|x64.Build.0 = Release|x64
		{53E3961A-952D-4A81-AB42-3374BEB43B62}.Release|x86.ActiveCfg = Release|Win32
		{53E3961A-952D-4A81-AB42-3374BEB43B62}.Release|x86.Build.0 = Release|Win32
		{0B066295-964A-4728-A9A5-E00F921963A0}.Debug|x64.ActiveCfg = Debug|x64
		{0B066295-964A-4728-A9A5-E00F921963A0}.Debug|x64.Build.0 = Debug|x64
		{0B066295-964A-4728-A9A5-E00F921963A0}.Debug|x86.ActiveCfg = Debug|Win32
		{0B066295-964A-4728-A9A5-E00F921963A0}.Debug|x86.Build.0 = Debug|Win32
		{0B066295-964A-4728-A9A5-E00F921963A0}.Release|x64.ActiveCfg = Release|x64
		{0B066295-964A-4728-A9A5-E00F921963A0}.Release|x64.Build.0 = Release|x64
		{0B066295-964A-4728-A9A5-E00F921963A0}.Release|x86.ActiveCfg = Release|Win32
		{0B066295-964A-4728-A9A5-E00F921963A0}.Release|x86.Build.0 = Release|Win32
		{628CCBE3-0EC4-42ED-ADAA-25BCA70BE9FE}.Debug|x64.ActiveCfg = Debug|x64
		{628CCBE3-0EC4-42ED-ADAA-25BCA70BE9FE}.Debug|x64.Build.0 = Debug|x64
		{628CCBE3-0EC4-42ED-ADAA-25BCA70BE9FE}.Debug|x86.ActiveCfg = Debug|Win32
		{628CCBE3-0EC4-42ED-ADAA-25BCA70BE9FE}.Debug|x86.Build.0 = Debug|Win32
		{628CCBE3-0EC4-42ED-ADAA-25BCA70BE9FE}.Release|x64.ActiveCfg = Release|x64
		{628CCBE3-0EC4-42ED-ADAA-25BCA70BE9FE}.Release|x64.Build.0 = Release|x64
		{628CCBE3-0EC4-42ED-ADAA-25BCA70BE9FE}.Release|x86.ActiveCfg = Release|Win32
		{628CCBE3-0EC4-42ED-ADAA-25BCA70BE9FE}.Release|x86.Build.0 = Release|Win32
		{8D6C4557-3CD5-4334-B083-0A030CB54A18}.Debug|x64.ActiveCfg = Debug|x64
		{8D6C4557-3CD5-4334-B083-0A030CB54A18}.Debug|x64.Build.0 = Debug|x64
		{8D6C4557-3CD5-4334-B083-0A030CB54A18}.Debug|x86.ActiveCfg = Debug|Win32
		{8D6C4557-3CD5-4334-B083-0A030CB54A18}.Debug|x86.Build.0 = Debug|Win32
		{8D6C4557-3CD5-4334-B083-0A030CB54A18}.Release|x64.ActiveCfg = Release|x64
		{8D6C4557-3CD5-4334-B083-0A030CB54A18}.Release|x64.Build.0 = Release|x64
		{8D6C4557-3CD5-4334-B083-0A030CB54A18}.Release|x86.ActiveCfg = Release|Win32
		{8D6C4557-3CD5-4334-B083-0A030CB54A18}.Release|x86.Build.0 = Release|Win32
		{24185795-BC60-4727-93A0-66B814AC790E}.Debug|x64.ActiveCfg = Debug|x64
		{24185795-BC60-4727-93A0-66B814AC790E}.Debug|x64.Build.0 = Debug|x64
		{24185795-BC60-4727-93A0-66B814AC790E}.Debug|x86.ActiveCfg = Debug|Win32
		{24185795-BC60-4727-93A0-66B814AC790E}.Debug|x86.Build.0 = Debug|Win32
		{24185795-BC60-4727-93A0-66B814AC790E}.Release|x64.ActiveCfg = Release|x64
		{24185795-BC60-4727-93A0-66B814AC790E}.Release|x64.Build.0 = Release|x64
		{24185795-BC60-4727-93A0-66B814AC790E}.Release|x86.ActiveCfg = Release|Win32
		{24185795-BC60-4727-93A0-66B814AC790E}.Release|x86.Build.0 = Release|Win32
		{3930BA99-2D6C-4EF5-9432-6A121725EC5C}.Debug|x64.ActiveCfg = Debug|x64
		{3930BA99-2D6C-4EF5-9432-6A121725EC5C}.Debug|x64.Build.0 = Debug|x64
		{3930BA99-2D6C-4EF5-9432-6A121725EC5C}.Debug|x86.ActiveCfg = Debug|Win32
		{3930BA99-2D6C-4EF5-9432-6A121725EC5C}.Debug|x86.Build.0 = Debug|Win32
		{3930BA99-2D6C-4EF5-9432-6A121725EC5C}.Release|x64.ActiveCfg = Release|x64
		{3930BA99-2D6C-4EF5-9432-6A121725EC5C}.Release|x64.Build.0 = Release|x64
		{3930BA99-2D6C-4EF5-9432-6A121725EC5C}.Release|x86.ActiveCfg = Release|Win32
		{3930BA99-2D6C-4EF5-9432-6A121725EC5C}.Release|x86.Build.0 = Release|Win32
		{4C902A26-F3FB-4DF9-99FE-32ADE19A6AE6}.Debug|x64.ActiveCfg = Debug|x64
		{4C902A26-F3FB-4DF9-99FE-32ADE19A6AE6}.Debug|x64.Build.0 = Debug|x64
		{4C902A26-F3FB-4DF9-99FE-32ADE19A6AE6}.Debug|x86.ActiveCfg = Debug|Win32
		{4C902A26-F3FB-4DF9-99FE-32ADE19A6AE6}.Debug|x86.Build.0 = Debug|Win32
		{4C902A26-F3FB-4DF9-99FE-32ADE19A6AE6}.Release|x64.ActiveCfg = Release|x64
		{4C902A26-F3FB-4DF9-99FE-32ADE19A6AE6}.Release|x64.Build.0 = Release|x64
		{4C902A26-F3FB-4DF9-99FE-32ADE19A6AE6}.Release|x86.ActiveCfg = Release|Win32
		{4C902A26-F3FB-4DF9-99FE-32ADE19A6AE6}.Release|x86.Build.0 = Release|Win32
		{4278A4F9-E937-4F39-B729-D6A399D154B2}.Debug|x64.ActiveCfg = Debug|x64
		{4278A4F9-E937-4F39-B729-D6A399D154B2}.Debug|x64.Build.0 = Debug|x64
		{4278A4F9-E937-4F39-B729-D6A399D154B2}.Debug|x86.ActiveCfg = Debug|Win32
		{4278A4F9-E937-4F39-B729-D6A399D154B2}.Debug|x86.Build.0 = Debug|Win32
		{4278A4F9-E937-4F39-B729-D6A399D154B2}.Release|x64.ActiveCfg = Release|x64
		{4278A4F9-E937-4F39-B729-D6A399D154B2}.Release|x64.Build.0 = Release|x64
		{4278A4F9-E937-4F39-B729-D6A399D154B2}.Release|x86.ActiveCfg = Release|Win32
		{4278A4F9-E937-4F39-B729-D6A399D154B2}.Release|x86.Build.0 = Release|Win32
		{8CC55852-CC93-427A-8401-05925A73333D}.Debug|x64.ActiveCfg = Debug|x64
		{8CC55852-CC93-427A-8401-05925A73333D}.Debug|x64.Build.0 = Debug|x64
		{8CC55852-CC93-427A-8401-05925A73333D}.Debug|x86.ActiveCfg = Debug|Win32
		{8CC55852-CC93-427A-8401-05925A73333D}.Debug|x86.Build.0 = Debug|Win32
		{8CC55852-CC93-427A-8401-05925A73333D}.Release|x64.ActiveCfg = Release|x64
		{8CC55852-CC93-427A-8401-05925A73333D}.Release|x64.Build.0 = Release|x64
		{8CC55852-CC93-427A-8401-05925A73333D}.Release|x86.ActiveCfg = Release|Win32
		{8CC55852-CC93-427A-8401-05925A73333D}.Release|x86.Build.0 = Release|Win32
		{EB669540-44F6-4EED-A8FD-02D5D9612F36}.Debug|x64.ActiveCfg = Debug|x64
		{EB669540-44F6-4EED-A8FD-02D5D9612F36}.Debug|x64.Build.0 = Debug|x64
		{EB669540-44F6-4EED-A8FD-02D5D9612F36}.Debug|x86.ActiveCfg = Debug|Win32
		{EB669540-44F6-4EED-A8FD-02D5D9612F36}.Debug|x86.Build.0 = Debug|Win32
		{EB669540-44F6-4EED-A8FD-02D5D9612F36}.Release|x64.ActiveCfg = Release|x64
		{EB669540-44F6-4EED-A8FD-02D5D9612F36}.Release|x64.Build.0 = Release|x64
		{EB669540-44F6-4EED-A8FD-02D5D9612F36}.Release|x86.ActiveCfg = Release|Win32
		{EB669540-44F6-4EED-A8FD-02D5D9612F36}.Release|x86.Build.0 = Release|Win32
		{099F1462-F007-40E1-8AC8-2B7AD1E74FE8}.Debug|x64.ActiveCfg = Debug|x64
		{099F1462-F007-40E1-8AC8-2B7AD1E74FE8}.Debug|x64.Build.0 = Debug|x64
		{099F1462-F007-40E1-8AC8-2B7AD1E74FE8}.Debug|x86.ActiveCfg = Debug|Win32
		{099F1462-F007-40E1-8AC8-2B7AD1E74FE8}.Debug|x86.Build.0 = Debug|Win32
		{099F1462-F007-40E1-8AC8-2B7AD1E74FE8}.Release|x64.ActiveCfg = Release|x64
		{099F1462-F007-40E1-8AC8-2B7AD1E74FE8}.Release|x64.Build.0 = Release|x64
		{099F1462-F007-40E1-8AC8-2B7AD1E74FE8}.Release|x86.ActiveCfg = Release|Win32
		{099F1462-F007-40E1-8AC8-2B7AD1E74FE8}.Release|x86.Build.0 = Release|Win32
		{47FD4FED-03C2-4D20-B038-93FF73E507D7}.Debug|x64.ActiveCfg = Debug|x64
		{47FD4FED-03C2-4D20-B038-93FF73E507D7}.Debug|x64.Build.0 = Debug|x64
		{47FD4FED-03C2-4D20-B038-93FF73E507D7}.Debug|x86.ActiveCfg = Debug|Win32
		{47FD4FED-03C2-4D20-B038-93FF73E507D7}.Debug|x86.Build.0 = Debug|Win32
		{47FD4FED-03C2-4D20-B038-93FF73E507D7}.Release|x64.ActiveCfg = Release|x64
		{47FD4FED-03C2-4D20-B038-93FF73E507D7}.Release|x64.Build.0 = Release|x64
		{47FD4FED-03C2-4D20-B038-93FF73E507D7}.Release|x86.ActiveCfg = Release|Win32
		{47FD4FED-03C2-4D20-B038-93FF73E507D7}.Release|x86.Build.0 = Release|Win32
		{01E60794-E08C-4B71-8BC5-FCBCF59EEADE}.Debug|x64.ActiveCfg = Debug|x64
		{01E60794-E08C-4B71-8BC5-FCBCF59EEADE}.Debug|x64.Build.0 = Debug|x64
		{01E60794-E08C-4B71-8BC5-FCBCF59EEADE}.Debug|x86.ActiveCfg = Debug|Win32
		{01E60794-E08C-4B71-8BC5-FCBCF59EEADE}.Debug|x86.Build.0 = Debug|Win32
		{01E60794-E08C-4B71-8BC5-FCBCF59EEADE}.Release|x64.ActiveCfg = Release|x64
		{01E60794-E08C-4B71-8BC5-FCBCF59EEADE}.Release|x64.Build.0 = Release|x64
		{01E60794-E08C-4B71-8BC5-FCBCF59EEADE}.Release|x86.ActiveCfg = Release|Win32
		{01E60794-E08C-4B71-8BC5-FCBCF59EEADE}.Release|x86.Build.0 = Release|Win32
		{82861ADF-6652-4031-A325-3F1632B3F499}.Debug|x64.ActiveCfg = Debug|x64
		{82861ADF-6652-4031-A325-3F1632B3F499}.Debug|x64.Build.0 = Debug|x64
		{82861ADF-6652-4031-A325-3F1632B3F499}.Debug|x86.ActiveCfg = Debug|Win32
		{82861ADF-6652-4031-A325-3F1632B3F499}.Debug|x86.Build.0 = Debug|Win32
		{82861ADF-6652-4031-A325-3F1632B3F499}.Release|x64.ActiveCfg = Release|x64
		{82861ADF-6652-4031-A325-3F1632B3F499}.Release|x64.Build.0 = Release|x64
		{82861ADF-6652-4031-A325-3F1632B3F499}.Release|x86.ActiveCfg = Release|Win32
		{82861ADF-6652-4031-A325-3F1632B3F499}.Release|x86.Build.0 = Release|Win32
		{EF44F52C-F8DD-4D01-84B3-36649B25CA25}.Debug|x64.ActiveCfg = Debug|x64
		{EF44F52C-F8DD-4D01-84B3-36649B25CA25}.Debug|x64.Build.0 = Debug|x64
		{EF44F52C-F8DD-4D01-84B3-36649B25CA25}.Debug|x86.ActiveCfg = Debug|Win32
		{EF44F52C-F8DD-4D01-84B3-36649B25CA25}.Debug|x86.Build.0 = Debug|Win32
		{EF44F52C-F8DD-4D01-84B3-36649B25CA25}.Release|x64.ActiveCfg = Release|x64
		{EF44F52C-F8DD-4D01-84B3-36649B25CA25}.Release|x64.Build.0 = Release|x64
		{EF44F52C-F8DD-4D01-84B3-36649B25CA25}.Release|x86.ActiveCfg = Release|Win32
		{EF44F52C-F8DD-4D01-84B3-36649B25CA25}.Release|x86.Build.0 = Release|Win32
		{54270559-DD1B-44A3-8884-98848678446E}.Debug|x64.ActiveCfg = Debug|x64
		{54270559-DD1B-44A3-8884-98848678446E}.Debug|x64.Build.0 = Debug|x64
		{54270559-DD1B-44A3-8884-98848678446E}.Debug|x86.ActiveCfg = Debug|Win32
		{54270559-DD1B-44A3-8884-98848678446E}.Debug|x86.Build.0 = Debug|Win32
		{54270559-DD1B-44A3-8884-98848678446E}.Release|x64.ActiveCfg = Release|x64
		{54270559-DD1B-44A3-8884-98848678446E}.Release|x64.Build.0 = Release|x64
		{54270559-DD1B-44A3-8884-98848678446E}.Release|x86.ActiveCfg = Release|Win32
		{54270559-DD1B-44A3-8884-98848678446E}.Release|x86.Build.0 = Release|Win32
		{6CD92D37-8C82-46AB-991F-537C0FF3EE6B}.Debug|x64.ActiveCfg = Debug|x64
		{6CD92D37-8C82-46AB-991F-537C0FF3EE6B}.Debug|x64.Build.0 = Debug|x64
		{6CD92D37-8C82-46AB-991F-537C0FF3EE6B}.Debug|x86.ActiveCfg = Debug|Win32
		{6CD92D37-8C82-46AB-991F-537C0FF3EE6B}.Debug|x86.Build.0 = Debug|Win32
		{6CD92D37-8C82-46AB-991F-537C0FF3EE6B}.Release|x64.ActiveCfg = Release|x64
		{6CD92D37-8C82-46AB-991F-537C0FF3EE6B}.Release|x64.Build.0 = Release|x64
		{6CD92D37-8C82-46AB-991F-537C0FF3EE6B}.Release|x86.ActiveCfg = Release|Win32
		{6CD92D37-8C82-46AB-991F-537C0FF3EE6B}.Release|x86.Build.0 = Release|Win32
		{EA0AD894-3561-4EE1-99DF-911293725626}.Debug|x64.ActiveCfg = Debug|x64
		{EA0AD894-3561-4EE1-99DF-911293725626}.Debug|x64.Build.0 = Debug|x64
		{EA0AD894-3561-4EE1-99DF-911293725626}.Debug|x86.ActiveCfg = Debug|Win32
		{EA0AD894-3561-4EE1-99DF-911293725626}.Debug|x86.Build.0 = Debug|Win32
		{EA0AD894-3561-4EE1-99DF-911293725626}.Release|x64.ActiveCfg = Release|x64
		{EA0AD894-3561-4EE1-99DF-911293725626}.Release|x64.Build.0 = Release|x64
		{EA0AD894-3561-4EE1-99DF-911293725626}.Release|x86.ActiveCfg = Release|Win32
		{EA0AD894-3561-4EE1-99DF-911293725626}.Release|x86.Build.0 = Release|Win32
		{AF9D4BF6-A7D9-47FC-930F-FE9DBB484A14}.Debug|x64.ActiveCfg = Debug|x64
		{AF9D4BF6-A7D9-47FC-930F-FE9DBB484A14}.Debug|x64.Build.0 = Debug|x64
		{AF9D4BF6-A7D9-47FC-930F-FE9DBB484A14}.Debug|x86.ActiveCfg = Debug|Win32
		{AF9D4BF6-A7D9-47FC-930F-FE9DBB484A14}.Debug|x86.Build.0 = Debug|Win32
		{AF9D4BF6-A7D9-47FC-930F-FE9DBB484A14}.Release|x64.ActiveCfg = Release|x64
		{AF9D4BF6-A7D9-47FC-930F-FE9DBB484A14}.Release|x64.Build.0 = Release|x64
		{AF9D4BF6-A7D9-47FC-930F-FE9DBB484A14}.Release|x86.ActiveCfg = Release|Win32
		{AF9D4BF6-A7D9-47FC-930F-FE9DBB484A14}.Release|x86.Build.0 = Release|Win32
		{2535F2D3-21A8-486D-BD83-861B5B99322C}.Debug|x64.ActiveCfg = Debug|x64
		{2535F2D3-21A8-486D-BD83-861B5B99322C}.Debug|x64.Build.0 = Debug|x64
		{2535F2D3-21A8-486D-BD83-861B5B99322C}.Debug|x86.ActiveCfg = Debug|Win32
		{2535F2D3-21A8-486D-BD83-861B5B99322C}.Debug|x86.Build.0 = Debug|Win32
		{2535F2D3-21A8-486D-BD83-861B5B99322C}.Release|x64.ActiveCfg = Release|x64
		{2535F2D3-21A8-486D-BD83-861B5B99322C}.Release|x64.Build.0 = Release|x64
		{2535F2D3-21A8-486D-BD83-861B5B99322C}.Release|x86.ActiveCfg = Release|Win32
		{2535F2D3-21A8-486D-BD83-861B5B99322C}.Release|x86.Build.0 = Release|Win32
		{02E6A4B7-9F94-47BC-9F4A-5A49CD3326F9}.Debug|x64.ActiveCfg = Debug|x64
		{02E6A4B7-9F94-47BC-9F4A-5A49CD3326F9}.Debug|x64.Build.0 = Debug|x64
		{02E6A4B7-9F94-47BC-9F4A-5A49CD3326F9}.Debug|x86.ActiveCfg = Debug|Win32
		{02E6A4B7-9F94-47BC-9F4A-5A49CD3326F9}.Debug|x86.Build.0 = Debug|Win32
		{02E6A4B7-9F94-47BC-9F4A-5A49CD3326F9}.Release|x64.ActiveCfg = Release|x64
		{02E6A4B7-9F94-47BC-9F4A-5A49CD3326F9}.Release|x64.Build.0 = Release|x64
		{02E6A4B7-9F94-47BC-9F4A-5A49CD3326F9}.Release|x86.ActiveCfg = Release|Win32
		{02E6A4B7-9F94-47BC-9F4A-5A49CD3326F9}.Release|x86.Build.0 = Release|Win32
		{A66E2A69-7167-4DE4-AC5F-5284F1513096}.Debug|x64.ActiveCfg = Debug|x64
		{A66E2A69-7167-4DE4-AC5F-5284F1513096}.Debug|x64.Build.0 = Debug|x64
		{A66E2A69-7167-4DE4-AC5F-5284F1513096}.Debug|x86.ActiveCfg = Debug|Win32
		{A66E2A69-7167-4DE4-AC5F-5284F1513096}.Debug|x86.Build.0 = Debug|Win32
		{A66E2A69-7167-4DE4-AC5F-5284F1513096}.Release|x64.ActiveCfg = Release|x64
		{A66E2A69-7167-4DE4-AC5F-5284F1513096}.Release|x64.Build.0 = Release|x64
		{A66E2A69-7167-4DE4-AC5F-5284F1513096}.Release|x86.ActiveCfg = Release|Win32
		{A66E2A69-7167-4DE4-AC5F-5284F1513096}.Release|x86.Build.0 = Release|Win32
		{1E3344A1-EF98-49BD-A25D-4DEFCF59197D}.Debug|x64.ActiveCfg = Debug|x64
		{1E3344A1-EF98-49BD-A25D-4DEFCF59197D}.Debug|x64.Build.0 = Debug|x64
		{1E3344A1-EF98-49BD-A25D-4DEFCF59197D}.Debug|x86.ActiveCfg = Debug|Win32
		{1E3344A1-EF98-49BD-A25D-4DEFCF59197D}.Debug|x86.Build.0 = Debug|Win32
		{1E3344A1-EF98-49BD-A25D-4DEFCF59197D}.Release|x64.ActiveCfg = Release|x64
		{1E3344A1-EF98-49BD-A25D-4DEFCF59197D}.Release|x64.Build.0 = Release|x64
		{1E3344A1-EF98-49BD-A25D-4DEFCF59197D}.Release|x86.ActiveCfg = Release|Win32
		{1E3344A1-EF98-49BD-A25D-4DEFCF59197D}.Release|x86.Build.0 = Release|Win32
		{C23E7F7B-3FC6-4266-81C3-3908390F5A1F}.Debug|x64.ActiveCfg = Debug|x64
		{C23E7F7B-3FC6-4266-81C3-3908390F5A1F}.Debug|x64.Build.0 = Debug|x64
		{C23E7F7B-3FC6-4266-81C3-3908390F5A1F}.Debug|x86.ActiveCfg = Debug|Win32
		{C23E7F7B-3FC6-4266-81C3-3908390F5A1F}.Debug|x86.Build.0 = Debug|Win32
		{C23E7F7B-3FC6-4266-81C3-3908390F5A1F}.Release|x64.ActiveCfg = Release|x64
		{C23E7F7B-3FC6-4266-81C3-3908390F5A1F}.Release|x64.Build.0 = Release|x64
		{C23E7F7B-3FC6-4266-81C3-3908390F5A1F}.Release|x86.ActiveCfg = Release|Win32
		{C23E7F7B-3FC6-4266-81C3-3908390F5A1F}.Release|x86.Build.0 = Release|Win32
		{0346691C-69C1-4AA0-934A-1CB121AFC427}.Debug|x64.ActiveCfg = Debug|x64
		{0346691C-69C1-4AA0-934A-1CB121AFC427}.Debug|x64.Build.0 = Debug|x64
		{0346691C-69C1-4AA0-934A-1CB121AFC427}.Debug|x86.ActiveCfg = Debug|Win32
		{0346691C-69C1-4AA0-934A-1CB121AFC427}.Debug|x86.Build.0 = Debug|Win32
		{0346691C-69C1-4AA0-934A-1CB121AFC427}.Release|x64.ActiveCfg = Release|x64
		{0346691C-69C1-4AA0-934A-1CB121AFC427}.Release|x64.Build.0 = Release|x64
		{0346691C-69C1-4AA0-934A-1CB121AFC427}.Release|x86.ActiveCfg = Release|Win32
		{0346691C-69C1-4AA0-934A-1CB121AFC427}.Release|x86.Build.0 = Release|Win32
		{E66F7180-1F05-4187-B810-331B26FD5D4F}.Debug|x64.ActiveCfg = Debug|x64
		{E66F7180-1F05-4187-B810-331B26FD5D4F}.Debug|x64.Build.0 = Debug|x64
		{E66F7180-1F05-4187-B810-331B26FD5D4F}.Debug|x86.ActiveCfg = Debug|Win32
		{E66F7180-1F05-4187-B810-331B26FD5D4F}.Debug|x86.Build.0 = Debug|Win32
		{E66F7180-1F05-4187-B810-331B26FD5D4F}.Release|x64.ActiveCfg = Release|x64
		{E66F7180-1F05-4187-B810-331B26FD5D4F}.Release|x64.Build.0 = Release|x64
		{E66F7180-1F05-4187-B810-331B26FD5D4F}.Release|x86.ActiveCfg = Release|Win32
		{E66F7180-1F05-4187-B810-331B26FD5D4F}.Release|x86.Build.0 = Release|Win32
		{5F136B38-E1D6-4F4D-AD18-E27E42295C31}.Debug|x64.ActiveCfg = Debug|x64
		{5F136B38-E1D6-4F4D-AD18-E27E42295C31}.Debug|x64.Build.0 = Debug|x64
		{5F136B38-E1D6-4F4D-AD18-E27E42295C31}.Debug|x86.ActiveCfg = Debug|Win32
		{5F136B38-E1D6-4F4D-AD18-E27E42295C31}.Debug|x86.Build.0 = Debug|Win32
		{5F136B38-E1D6-4F4D-AD18-E27E42295C31}.Release|x64.ActiveCfg = Release|x64
		{5F136B38-E1D6-4F4D-AD18-E27E42295C31}.Release|x64.Build.0 = Release|x64
		{5F136B38-E1D6-4F4D-AD18-E27E42295C31}.Release|x86.ActiveCfg = Release|Win32
		{5F136B38-E1D6-4F4D-AD18-E27E42295C31}.Release|x86.Build.0 = Release|Win32
		{C14E2614-5EE1-4A46-97D6-70CAA93F3D1F}.Debug|x64.ActiveCfg = Debug|x64
		{C14E2614-5EE1-4A46-97D6-70CAA93F3D1F}.Debug|x64.Build.0 = Debug|x64
		{C14E2614-5EE1-4A46-97D6-70CAA93F3D1F}.Debug|x86.ActiveCfg = Debug|Win32
		{C14E2614-5EE1-4A46-97D6-70CAA93F3D1F}.Debug|x86.Build.0 = Debug|Win32
		{C14E2614-5EE1-4A46-97D6-70CAA93F3D1F}.Release|x64.ActiveCfg = Release|x64
		{C14E2614-5EE1-4A46-97D6-70CAA93F3D1F}.Release|x64.Build.0 = Release|x64
		{C14E2614-5EE1-4A46-97D6-70CAA93F3D1F}.Release|x86.ActiveCfg = Release|Win32
		{C14E2614-5EE1-4A46-97D6-70CAA93F3D1F}.Release|x86.Build.0 = Release|Win32
		{219AED97-AE2B-4DF4-9EAE-3EF274557A9A}.Debug|x64.ActiveCfg = Debug|x64
		{219AED97-AE2B-4DF4-9EAE-3EF274557A9A}.Debug|x64.Build.0 = Debug|x64
		{219AED97-AE2B-4DF4-9EAE-3EF274557A9A}.Debug|x86.ActiveCfg = Debug|Win32
		{219AED97-AE2B-4DF4-9EAE-3EF274557A9A}.Debug|x86.Build.0 = Debug|Win32
		{219AED97-AE2B-4DF4-9EAE-3EF274557A9A}.Release|x64.ActiveCfg = Release|x64
		{219AED97-AE2B-4DF4-9EAE-3EF274557A9A}.Release|x64.Build.0 = Release|x64
		{219AED97-AE2B-4DF4-9EAE-3EF274557A9A}.Release|x86.ActiveCfg = Release|Win32
		{219AED97-AE2B-4DF4-9EAE-3EF274557A9A}.Release|x86.Build.0 = Release|Win32
		{4195FCD4-5EF9-462F-9849-77F8CEF22215}.Debug|x64.ActiveCfg = Debug|x64
		{4195FCD4-5EF9-462F-9849-77F8CEF22215}.Debug|x64.Build.0 = Debug|x64
		{4195FCD4-5EF9-462F-9849-77F8CEF22215}.Debug|x86.ActiveCfg = Debug|Win32
		{4195FCD4-5EF9-462F-9849-77F8CEF22215}.Debug|x86.Build.0 = Debug|Win32
		{4195FCD4-5EF9-462F-9849-77F8CEF22215}.Release|x64.ActiveCfg = Release|x64
		{4195FCD4-5EF9-462F-9849-77F8CEF22215}.Release|x64.Build.0 = Release|x64
		{4195FCD4-5EF9-462F-9849-77F8CEF22215}.Release|x86.ActiveCfg = Release|Win32
		{4195FCD4-5EF9-462F-9849-77F8CEF22215}.Release|x86.Build.0 = Release|Win32
		{17E97470-AD70-43D9-B4A5-A23C80B77BB7}.Debug|x64.ActiveCfg = Debug|x64
		{17E97470-AD70-43D9-B4A5-A23C80B77BB7}.Debug|x64.Build.0 = Debug|x64
		{17E97470-AD70-43D9-B4A5-A23C80B77BB7}.Debug|x86.ActiveCfg = Debug|Win32
		{17E97470-AD70-43D9-B4A5-A23C80B77BB7}.Debug|x86.Build.0 = Debug|Win32
		{17E97470-AD70-43D9-B4A5-A23C80B77BB7}.Release|x64.ActiveCfg = Release|x64
		{17E97470-AD70-43D9-B4A5-A23C80B77BB7}.Release|x64.Build.0 = Release|x64
		{17E97470-AD70-43D9-B4A5-A23C80B77BB7}.Release|x86.ActiveCfg = Release|Win32
		{17E97470-AD70-43D9-B4A5-A23C80B77BB7}.Release|x86.Build.0 = Release|Win32
		{0AEFD94A-372A-43FE-BBB5-112588D3F51B}.Debug|x64.ActiveCfg = Debug|x64
		{0AEFD94A-372A-43FE-BBB5-112588D3F51B}.Debug|x64.Build.0 = Debug|x64
		{0AEFD94A-372A-43FE-BBB5-112588D3F51B}.Debug|x86.ActiveCfg = Debug|Win32
		{0AEFD94A-372A-43FE-BBB5-112588D3F51B}.Debug|x86.Build.0 = Debug|Win32
		{0AEFD94A-372A-43FE-BBB5-112588D3F51B}.Release|x64.ActiveCfg = Release|x64
		{0AEFD94A-372A-43FE-BBB5-112588D3F51B}.Release|x64.Build.0 = Release|x64
		{0AEFD94A-372A-43FE-BBB5-112588D3F51B}.Release|x86.ActiveCfg = Release|Win32
		{0AEFD94A-372A-43FE-BBB5-112588D3F51B}.Release|x86.Build.0 = Release|Win32
		{E812EE34-DCA2-42AF-9EA9-FBFB2E9CF3CF}.Debug|x64.ActiveCfg = Debug|x64
		{E812EE34-DCA2-42AF-9EA9-FBFB2E9CF3CF}.Debug|x64.Build.0 = Debug|x64
		{E812EE34-DCA2-42AF-9EA9-FBFB2E9CF3CF}.Debug|x86.ActiveCfg = Debug|Win32
		{E812EE34-DCA2-42AF-9EA9-FBFB2E9CF3CF}.Debug|x86.Build.0 = Debug|Win32
		{E812EE34-DCA2-42AF-9EA9-FBFB2E9CF3CF}.Release|x64.ActiveCfg = Release|x64
		{E812EE34-DCA2-42AF-9EA9-FBFB2E9CF3CF}.Release|x64.Build.0 = Release|x64
		{E812EE34-DCA2-42AF-9EA9-FBFB2E9CF3CF}.Release|x86.ActiveCfg = Release|Win32
		{E812EE34-DCA2-42AF-9EA9-FBFB2E9CF3CF}.Release|x86.Build.0 = Release|Win32
		{EF2B0921-0974-4437-9FF5-939E699D7BF1}.Debug|x64.ActiveCfg = Debug|x64
		{EF2B0921-0974-4437-9FF5-939E699D7BF1}.Debug|x64.Build.0 = Debug|x64
		{EF2B0921-0974-4437-9FF5-939E699D7BF1}.Debug|x86.ActiveCfg = Debug|Win32
		{EF2B0921-0974-4437-9FF5-939E699D7BF1}.Debug|x86.Build.0 = Debug|Win32
		{EF2B0921-0974-4437-9FF5-939E699D7BF1}.Release|x64.ActiveCfg = Release|x64
		{EF2B0921-0974-4437-9FF5-939E699D7BF1}.Release|x64.Build.0 = Release|x64
		{EF2B0921-0974-4437-9FF5-939E699D7BF1}.Release|x86.ActiveCfg = Release|Win32
		{EF2B0921-0974-4437-9FF5-939E699D7BF1}.Release|x86.Build.0 = Release|Win32
		{F1D5E2BD-634E-43A4-B4E9-C35C39A41F2D}.Debug|x64.ActiveCfg = Debug|x64
		{F1D5E2BD-634E-43A4-B4E9-C35C39A41F2D}.Debug|x64.Build.0 = Debug|x64
		{F1D5E2BD-634E-43A4-B4E9-C35C39A41F2D}.Debug|x86.ActiveCfg = Debug|Win32
		{F1D5E2BD-634E-43A4-B4E9-C35C39A41F2D}.Debug|x86.Build.0 = Debug|Win32
		{F1D5E2BD-634E-43A4-B4E9-C35C39A41F2D}.Release|x64.ActiveCfg = Release|x64
		{F1D5E2BD-634E-43A4-B4E9-C35C39A41F2D}.Release|x64.Build.0 = Release|x64
		{F1D5E2BD-634E-43A4-B4E9-C35C39A41F2D}.Release|x86.ActiveCfg = Release|Win32
		{F1D5E2BD-634E-43A4-B4E9-C35C39A41F2D}.Release|x86.Build.0 = Release|Win32
		{341A15B7-7A13-4E2D-A71D-DAFA8A7BA1BE}.Debug|x64.ActiveCfg = Debug|x64
		{341A15B7-7A13-4E2D-A71D-DAFA8A7BA1BE}.Debug|x64.Build.0 = Debug|x64
		{341A15B7-7A13-4E2D-A71D-DAFA8A7BA1BE}.Debug|x86.ActiveCfg = Debug|Win32
		{341A15B7-7A13-4E2D-A71D-DAFA8A7BA1BE}.Debug|x86.Build.0 = Debug|Win32
		{341A15B7-7A13-4E2D-A71D-DAFA8A7BA1BE}.Release|x64.ActiveCfg = Release|x64
		{341A15B7-7A13-4E2D-A71D-DAFA8A7BA1BE}.Release|x64.Build.0 = Release|x64
		{341A15B7-7A13-4E2D-A71D-DAFA8A7BA1BE}.Release|x86.ActiveCfg = Release|Win32
		{341A15B7-7A13-4E2D-A71D-DAFA8A7BA1BE}.Release|x86.Build.0 = Release|Win32
		{254400BA-2A5A-4021-9D98-747A77C1316B}.Debug|x64.ActiveCfg = Debug|x64
		{254400BA-2A5A-4021-9D98-747A77C1316B}.Debug|x64.Build.0 = Debug|x64
		{254400BA-2A5A-4021-9D98-747A77C1316B}.Debug|x86.ActiveCfg = Debug|Win32
		{254400BA-2A5A-4021-9D98-747A77C1316B}.Debug|x86.Build.0 = Debug|Win32
		{254400BA-2A5A-4021-9D98-747A77C1316B}.Release|x64.ActiveCfg = Release|x64
		{254400BA-2A5A-4021-9D98-747A77C1316B}.Release|x64.Build.0 = Release|x64
		{254400BA-2A5A-4021-9D98-747A77C1316B}.Release|x86.ActiveCfg = Release|Win32
		{254400BA-2A5A-4021-9D98-747A77C1316B}.Release|x86.Build.0 = Release|Win32
		{AEF2E522-AF0E-4B00-820D-6B2D0E6998EE}.Debug|x64.ActiveCfg = Debug|x64
		{AEF2E522-AF0E-4B00-820D-6B2D0E6998EE}.Debug|x64.Build.0 = Debug|x64
		{AEF2E522-AF0E-4B00-820D-6B2D0E6998EE}.Debug|x86.ActiveCfg = Debug|Win32
		{AEF2E522-AF0E-4B00-820D-6B2D0E6998EE}.Debug|x86.Build.0 = Debug|Win32
		{AEF2E522-AF0E-4B00-820D-6B2D0E6998EE}.Release|x64.ActiveCfg = Release|x64
		{AEF2E522-AF0E-4B00-820D-6B2D0E6998EE}.Release|x64.Build.0 = Release|x64
		{AEF2E522-AF0E-4B00-820D-6B2D0E6998EE}.Release|x86.ActiveCfg = Release|Win32
		{AEF2E522-AF0E-4B00-820D-6B2D0E6998EE}.Release|x86.Build.0 = Release|Win32
		{C96685D1-0599-436A-82B6-3AB58552E3BE}.Debug|x64.ActiveCfg = Debug|x64
		{C96685D1-0599-436A-82B6-3AB58552E3BE}.Debug|x64.Build.0 = Debug|x64
		{C96685D1-0599-436A-82B6-3AB58552E3BE}.Debug|x86.ActiveCfg = Debug|Win32
		{C96685D1-0599-436A-82B6-3AB58552E3BE}.Debug|x86.Build.0 = Debug|Win32
		{C96685D1-0599-436A-82B6-3AB58552E3BE}.Release|x64.ActiveCfg = Release|x64
		{C96685D1-0599-436A-82B6-3AB58552E3BE}.Release|x64.Build.0 = Release|x64
		{C96685D1-0599-436A-82B6-3AB58552E3BE}.Release|x86.ActiveCfg = Release|Win32
		{C96685D1-0599-436A-82B6-3AB58552E3BE}.Release|x86.Build.0 = Release|Win32
		{8062E610-CE7B-4744-8259-A9571B63E8A6}.Debug|x64.ActiveCfg = Debug|x64
		{8062E610-CE7B-4744-8259-A9571B63E8A6}.Debug|x64.Build.0 = Debug|x64
		{8062E610-CE7B-4744-8259-A9571B63E8A6}.Debug|x86.ActiveCfg = Debug|Win32
		{8062E610-CE7B-4744-8259-A9571B63E8A6}.Debug|x86.Build.0 = Debug|Win32
		{8062E610-CE7B-4744-8259-A9571B63E8A6}.Release|x64.ActiveCfg = Release|x64
		{8062E610-CE7B-4744-8259-A9571B63E8A6}.Release|x64.Build.0 = Release|x64
		{8062E610-CE7B-4744-8259-A9571B63E8A6}.Release|x86.ActiveCfg = Release|Win32
		{8062E610-CE7B-4744-8259-A9571B63E8A6}.Release|x86.Build.0 = Release|Win32
		{7808D8E0-E8ED-48B4-BC44-EE2AC7BA2E4E}.Debug|x64.ActiveCfg = Debug|x64
		{7808D8E0-E8ED-48B4-BC44-EE2AC7BA2E4E}.Debug|x64.Build.0 = Debug|x64
		{7808D8E0-E8ED-48B4-BC44-EE2AC7BA2E4E}.Debug|x86.ActiveCfg = Debug|Win32
		{7808D8E0-E8ED-48B4-BC44-EE2AC7BA2E4E}.Debug|x86.Build.0 = Debug|Win32
		{7808D8E0-E8ED-48B4-BC44-EE2AC7BA2E4E}.Release|x64.ActiveCfg = Release|x64
		{7808D8E0-E8ED-48B4-BC44-EE2AC7BA2E4E}.Release|x64.Build.0 = Release|x64
		{7808D8E0-E8ED-48B4-BC44-EE2AC7BA2E4E}.Release|x86.ActiveCfg = Release|Win32
		{7808D8E0-E8ED-48B4-BC44-EE2AC7BA2E4E}.Release|x86.Build.0 = Release|Win32
	EndGlobalSection
	GlobalSection(SolutionProperties) = preSolution
		HideSolutionNode = FALSE
	EndGlobalSection
	GlobalSection(NestedProjects) = preSolution
		{6F9CE728-ED33-4C66-835E-8879D18D48FB} = {CBCBCA2D-A484-44A1-9B4B-DDFD86D26DAE}
		{4B3032CD-BEBC-4C78-8AD3-9F6953B9C590} = {CBCBCA2D-A484-44A1-9B4B-DDFD86D26DAE}
		{76598DC9-6B25-4148-924C-A9E990B1405C} = {6F9CE728-ED33-4C66-835E-8879D18D48FB}
		{B03B2C9E-3E57-422E-9038-E5FB13575812} = {6F9CE728-ED33-4C66-835E-8879D18D48FB}
		{F2F27996-223A-4DF9-9AE9-59543FDCB6D0} = {6F9CE728-ED33-4C66-835E-8879D18D48FB}
		{3FD0A15E-8694-4BDB-8854-55E8E3BD8257} = {6F9CE728-ED33-4C66-835E-8879D18D48FB}
		{FA9FC81B-DBA9-4999-8CB9-BFAB6759EEEE} = {6F9CE728-ED33-4C66-835E-8879D18D48FB}
		{7D4E215A-537B-46A4-B9BF-974C0B0A7703} = {4B3032CD-BEBC-4C78-8AD3-9F6953B9C590}
		{880A5ECF-B6B8-4A5C-A016-0BA1A4DBE16B} = {4B3032CD-BEBC-4C78-8AD3-9F6953B9C590}
		{711254EB-AB74-4C9F-B5D1-30BED2D80567} = {4B3032CD-BEBC-4C78-8AD3-9F6953B9C590}
		{DB459A0F-861D-46C7-9040-59D832B1E505} = {4B3032CD-BEBC-4C78-8AD3-9F6953B9C590}
		{60FF64A9-CCB1-4F03-92EE-B30FE4208E3B} = {4B3032CD-BEBC-4C78-8AD3-9F6953B9C590}
		{7F92D5F5-84D7-462A-BA2D-1DF3B481BD39} = {4B3032CD-BEBC-4C78-8AD3-9F6953B9C590}
		{5A8EBB49-61E4-4656-A30A-8C7AC8E6DBEF} = {F8391325-74B3-4AB6-8DFE-46EDCD5C166D}
		{1BD6B8BF-992E-4708-9EEE-CEF904A94FE1} = {5A8EBB49-61E4-4656-A30A-8C7AC8E6DBEF}
		{F18A0338-1AE5-4CBD-8566-3CA7E99E4538} = {5A8EBB49-61E4-4656-A30A-8C7AC8E6DBEF}
		{8BAC86B5-2778-4986-90C7-FDA34CC5F192} = {5A8EBB49-61E4-4656-A30A-8C7AC8E6DBEF}
		{9B2FD77C-5BC6-4415-84E7-BA32F52EC1DC} = {5A8EBB49-61E4-4656-A30A-8C7AC8E6DBEF}
		{8CFE8F35-3B7B-4529-AC98-C89840CD9842} = {5A8EBB49-61E4-4656-A30A-8C7AC8E6DBEF}
		{380FCA79-BBFE-420A-B246-1FF126B261FC} = {5A8EBB49-61E4-4656-A30A-8C7AC8E6DBEF}
		{A4968A2B-2C27-495B-91D9-F0135B68CF78} = {5A8EBB49-61E4-4656-A30A-8C7AC8E6DBEF}
		{DE429BF0-4542-4E86-B326-36255F29D4FE} = {5A8EBB49-61E4-4656-A30A-8C7AC8E6DBEF}
		{C96D6FBF-1212-46D6-B2E3-FDEFBD3BE4A4} = {3DD3D97E-C8C5-410A-B367-CDCCDB436542}
		{0AA2B49F-7716-495A-8657-470D29DA82CB} = {3DD3D97E-C8C5-410A-B367-CDCCDB436542}
		{0E02BFB7-A025-4360-8C0B-A929B23D8360} = {3DD3D97E-C8C5-410A-B367-CDCCDB436542}
		{4E369377-0A14-40EB-8EBD-89D9C48B876C} = {0E02BFB7-A025-4360-8C0B-A929B23D8360}
		{767AA393-D4A9-42A8-B2E4-D4688A3F260B} = {0E02BFB7-A025-4360-8C0B-A929B23D8360}
		{53E3961A-952D-4A81-AB42-3374BEB43B62} = {0E02BFB7-A025-4360-8C0B-A929B23D8360}
		{0B066295-964A-4728-A9A5-E00F921963A0} = {0AA2B49F-7716-495A-8657-470D29DA82CB}
		{628CCBE3-0EC4-42ED-ADAA-25BCA70BE9FE} = {0AA2B49F-7716-495A-8657-470D29DA82CB}
		{EEB81A66-B404-43F3-99C7-C77E24D7DDAD} = {F8391325-74B3-4AB6-8DFE-46EDCD5C166D}
		{8D6C4557-3CD5-4334-B083-0A030CB54A18} = {EEB81A66-B404-43F3-99C7-C77E24D7DDAD}
		{78AD064C-4BF8-4B35-9355-43A6A9333099} = {4DFECED9-94B5-4FBD-BBC6-F5E140D5D6E0}
		{D60EDF7E-C500-4B37-A0BA-2803556E9A89} = {4DFECED9-94B5-4FBD-BBC6-F5E140D5D6E0}
		{28E807E7-9C40-423B-A37B-9BDCE53AF23E} = {4DFECED9-94B5-4FBD-BBC6-F5E140D5D6E0}
		{24185795-BC60-4727-93A0-66B814AC790E} = {E31EAE5E-D16B-46AE-A6B5-FCE33067F1DC}
		{3930BA99-2D6C-4EF5-9432-6A121725EC5C} = {3F1982F0-2317-47F9-BDF2-7C876011557C}
		{4C902A26-F3FB-4DF9-99FE-32ADE19A6AE6} = {28E807E7-9C40-423B-A37B-9BDCE53AF23E}
		{E22D65F7-366B-44A8-A69D-33A3FC20FA93} = {28E807E7-9C40-423B-A37B-9BDCE53AF23E}
		{E31EAE5E-D16B-46AE-A6B5-FCE33067F1DC} = {28E807E7-9C40-423B-A37B-9BDCE53AF23E}
		{3F1982F0-2317-47F9-BDF2-7C876011557C} = {28E807E7-9C40-423B-A37B-9BDCE53AF23E}
		{4278A4F9-E937-4F39-B729-D6A399D154B2} = {3F1982F0-2317-47F9-BDF2-7C876011557C}
		{8CC55852-CC93-427A-8401-05925A73333D} = {E22D65F7-366B-44A8-A69D-33A3FC20FA93}
		{EB669540-44F6-4EED-A8FD-02D5D9612F36} = {E22D65F7-366B-44A8-A69D-33A3FC20FA93}
		{099F1462-F007-40E1-8AC8-2B7AD1E74FE8} = {3F1982F0-2317-47F9-BDF2-7C876011557C}
		{47FD4FED-03C2-4D20-B038-93FF73E507D7} = {78AD064C-4BF8-4B35-9355-43A6A9333099}
		{01E60794-E08C-4B71-8BC5-FCBCF59EEADE} = {C96D6FBF-1212-46D6-B2E3-FDEFBD3BE4A4}
		{82861ADF-6652-4031-A325-3F1632B3F499} = {C96D6FBF-1212-46D6-B2E3-FDEFBD3BE4A4}
		{EF44F52C-F8DD-4D01-84B3-36649B25CA25} = {C96D6FBF-1212-46D6-B2E3-FDEFBD3BE4A4}
		{54270559-DD1B-44A3-8884-98848678446E} = {C96D6FBF-1212-46D6-B2E3-FDEFBD3BE4A4}
		{6CD92D37-8C82-46AB-991F-537C0FF3EE6B} = {C96D6FBF-1212-46D6-B2E3-FDEFBD3BE4A4}
		{EA0AD894-3561-4EE1-99DF-911293725626} = {C96D6FBF-1212-46D6-B2E3-FDEFBD3BE4A4}
		{AF9D4BF6-A7D9-47FC-930F-FE9DBB484A14} = {C96D6FBF-1212-46D6-B2E3-FDEFBD3BE4A4}
		{2535F2D3-21A8-486D-BD83-861B5B99322C} = {C96D6FBF-1212-46D6-B2E3-FDEFBD3BE4A4}
		{02E6A4B7-9F94-47BC-9F4A-5A49CD3326F9} = {C96D6FBF-1212-46D6-B2E3-FDEFBD3BE4A4}
		{A66E2A69-7167-4DE4-AC5F-5284F1513096} = {C96D6FBF-1212-46D6-B2E3-FDEFBD3BE4A4}
		{961148DE-604A-40A4-BDCD-5B06B18B5AC9} = {CBCBCA2D-A484-44A1-9B4B-DDFD86D26DAE}
		{1E3344A1-EF98-49BD-A25D-4DEFCF59197D} = {961148DE-604A-40A4-BDCD-5B06B18B5AC9}
		{C23E7F7B-3FC6-4266-81C3-3908390F5A1F} = {961148DE-604A-40A4-BDCD-5B06B18B5AC9}
		{0346691C-69C1-4AA0-934A-1CB121AFC427} = {961148DE-604A-40A4-BDCD-5B06B18B5AC9}
		{E66F7180-1F05-4187-B810-331B26FD5D4F} = {961148DE-604A-40A4-BDCD-5B06B18B5AC9}
		{5F136B38-E1D6-4F4D-AD18-E27E42295C31} = {961148DE-604A-40A4-BDCD-5B06B18B5AC9}
		{C14E2614-5EE1-4A46-97D6-70CAA93F3D1F} = {961148DE-604A-40A4-BDCD-5B06B18B5AC9}
		{37FC5916-0FA1-46AE-8375-85FCCCC1A0C3} = {F8391325-74B3-4AB6-8DFE-46EDCD5C166D}
		{219AED97-AE2B-4DF4-9EAE-3EF274557A9A} = {37FC5916-0FA1-46AE-8375-85FCCCC1A0C3}
		{4195FCD4-5EF9-462F-9849-77F8CEF22215} = {37FC5916-0FA1-46AE-8375-85FCCCC1A0C3}
		{A8B8B95D-857A-4748-BE21-08AA059FD374} = {F9B2CBCC-14FA-4FAB-A144-BA2E00096362}
		{17E97470-AD70-43D9-B4A5-A23C80B77BB7} = {A8B8B95D-857A-4748-BE21-08AA059FD374}
		{0AEFD94A-372A-43FE-BBB5-112588D3F51B} = {A8B8B95D-857A-4748-BE21-08AA059FD374}
		{863A8BE2-1892-4BAC-8CD2-1AF7A3FA3911} = {A8B8B95D-857A-4748-BE21-08AA059FD374}
		{E812EE34-DCA2-42AF-9EA9-FBFB2E9CF3CF} = {863A8BE2-1892-4BAC-8CD2-1AF7A3FA3911}
		{EF2B0921-0974-4437-9FF5-939E699D7BF1} = {863A8BE2-1892-4BAC-8CD2-1AF7A3FA3911}
		{F1D5E2BD-634E-43A4-B4E9-C35C39A41F2D} = {863A8BE2-1892-4BAC-8CD2-1AF7A3FA3911}
		{341A15B7-7A13-4E2D-A71D-DAFA8A7BA1BE} = {863A8BE2-1892-4BAC-8CD2-1AF7A3FA3911}
		{254400BA-2A5A-4021-9D98-747A77C1316B} = {863A8BE2-1892-4BAC-8CD2-1AF7A3FA3911}
		{AEF2E522-AF0E-4B00-820D-6B2D0E6998EE} = {863A8BE2-1892-4BAC-8CD2-1AF7A3FA3911}
		{C96685D1-0599-436A-82B6-3AB58552E3BE} = {863A8BE2-1892-4BAC-8CD2-1AF7A3FA3911}
		{8062E610-CE7B-4744-8259-A9571B63E8A6} = {863A8BE2-1892-4BAC-8CD2-1AF7A3FA3911}
		{7808D8E0-E8ED-48B4-BC44-EE2AC7BA2E4E} = {863A8BE2-1892-4BAC-8CD2-1AF7A3FA3911}
	EndGlobalSection
	GlobalSection(ExtensibilityGlobals) = postSolution
		SolutionGuid = {17593C27-7398-48AD-851D-E290D95F4C0E}
	EndGlobalSection
EndGlobal
