
Microsoft Visual Studio Solution File, Format Version 12.00
# Visual Studio Version 17
VisualStudioVersion = 17.9.34714.143
MinimumVisualStudioVersion = 10.0.40219.1
Project("{2150E333-8FDC-42A3-9474-1A3956D46DE8}") = "Урок 14", "Урок 14", "{CBCBCA2D-A484-44A1-9B4B-DDFD86D26DAE}"
EndProject
Project("{2150E333-8FDC-42A3-9474-1A3956D46DE8}") = "Урок 15", "Урок 15", "{F8391325-74B3-4AB6-8DFE-46EDCD5C166D}"
EndProject
Project("{2150E333-8FDC-42A3-9474-1A3956D46DE8}") = "ДЗ после урока", "ДЗ после урока", "{6F9CE728-ED33-4C66-835E-8879D18D48FB}"
EndProject
Project("{2150E333-8FDC-42A3-9474-1A3956D46DE8}") = "Задания для самостоятельной работы", "Задания для самостоятельной работы", "{4B3032CD-BEBC-4C78-8AD3-9F6953B9C590}"
EndProject
Project("{8BC9CEB8-8B4A-11D0-8D11-00A0C91BC942}") = "Task_1", "Урок 14\ДЗ после урока\Task_1\Task_1.vcxproj", "{76598DC9-6B25-4148-924C-A9E990B1405C}"
EndProject
Project("{8BC9CEB8-8B4A-11D0-8D11-00A0C91BC942}") = "Task_2", "Урок 14\ДЗ после урока\Task_2\Task_2.vcxproj", "{B03B2C9E-3E57-422E-9038-E5FB13575812}"
EndProject
Project("{8BC9CEB8-8B4A-11D0-8D11-00A0C91BC942}") = "Task_3", "Урок 14\ДЗ после урока\Task_3\Task_3.vcxproj", "{F2F27996-223A-4DF9-9AE9-59543FDCB6D0}"
EndProject
Project("{8BC9CEB8-8B4A-11D0-8D11-00A0C91BC942}") = "Task_4", "Урок 14\ДЗ после урока\Task_4\Task_4.vcxproj", "{3FD0A15E-8694-4BDB-8854-55E8E3BD8257}"
EndProject
Project("{8BC9CEB8-8B4A-11D0-8D11-00A0C91BC942}") = "Task_5", "Урок 14\ДЗ после урока\Task_5\Task_5.vcxproj", "{FA9FC81B-DBA9-4999-8CB9-BFAB6759EEEE}"
EndProject
Project("{8BC9CEB8-8B4A-11D0-8D11-00A0C91BC942}") = "Task_1", "Урок 14\Задания для самостоятельной работы\Task_1\Task_1.vcxproj", "{7D4E215A-537B-46A4-B9BF-974C0B0A7703}"
EndProject
Project("{8BC9CEB8-8B4A-11D0-8D11-00A0C91BC942}") = "Task_2", "Урок 14\Задания для самостоятельной работы\Task_2\Task_2.vcxproj", "{880A5ECF-B6B8-4A5C-A016-0BA1A4DBE16B}"
EndProject
Project("{8BC9CEB8-8B4A-11D0-8D11-00A0C91BC942}") = "Task_3", "Урок 14\Задания для самостоятельной работы\Task_3\Task_3.vcxproj", "{711254EB-AB74-4C9F-B5D1-30BED2D80567}"
EndProject
Project("{8BC9CEB8-8B4A-11D0-8D11-00A0C91BC942}") = "Task_4", "Урок 14\Задания для самостоятельной работы\Task_4\Task_4.vcxproj", "{DB459A0F-861D-46C7-9040-59D832B1E505}"
EndProject
Project("{8BC9CEB8-8B4A-11D0-8D11-00A0C91BC942}") = "Task_5", "Урок 14\Задания для самостоятельной работы\Task_5\Task_5.vcxproj", "{60FF64A9-CCB1-4F03-92EE-B30FE4208E3B}"
EndProject
Project("{8BC9CEB8-8B4A-11D0-8D11-00A0C91BC942}") = "Task_6", "Урок 14\Задания для самостоятельной работы\Task_6\Task_6.vcxproj", "{7F92D5F5-84D7-462A-BA2D-1DF3B481BD39}"
EndProject
Project("{2150E333-8FDC-42A3-9474-1A3956D46DE8}") = "Задания для самостоятельной работы", "Задания для самостоятельной работы", "{5A8EBB49-61E4-4656-A30A-8C7AC8E6DBEF}"
EndProject
Project("{8BC9CEB8-8B4A-11D0-8D11-00A0C91BC942}") = "Task_1", "Урок 15\Задания для самостоятельной работы\Task_1\Task_1.vcxproj", "{1BD6B8BF-992E-4708-9EEE-CEF904A94FE1}"
EndProject
Project("{8BC9CEB8-8B4A-11D0-8D11-00A0C91BC942}") = "Task_2", "Урок 15\Задания для самостоятельной работы\Task_2\Task_2.vcxproj", "{F18A0338-1AE5-4CBD-8566-3CA7E99E4538}"
EndProject
Project("{8BC9CEB8-8B4A-11D0-8D11-00A0C91BC942}") = "Task_3", "Урок 15\Задания для самостоятельной работы\Task_3\Task_3.vcxproj", "{8BAC86B5-2778-4986-90C7-FDA34CC5F192}"
EndProject
Project("{8BC9CEB8-8B4A-11D0-8D11-00A0C91BC942}") = "Task_4", "Урок 15\Задания для самостоятельной работы\Task_4\Task_4.vcxproj", "{9B2FD77C-5BC6-4415-84E7-BA32F52EC1DC}"
EndProject
Project("{8BC9CEB8-8B4A-11D0-8D11-00A0C91BC942}") = "Task_5", "Урок 15\Задания для самостоятельной работы\Task_5\Task_5.vcxproj", "{8CFE8F35-3B7B-4529-AC98-C89840CD9842}"
EndProject
Project("{8BC9CEB8-8B4A-11D0-8D11-00A0C91BC942}") = "Task_6", "Урок 15\Задания для самостоятельной работы\Task_6\Task_6.vcxproj", "{380FCA79-BBFE-420A-B246-1FF126B261FC}"
	ProjectSection(ProjectDependencies) = postProject
		{DE429BF0-4542-4E86-B326-36255F29D4FE} = {DE429BF0-4542-4E86-B326-36255F29D4FE}
	EndProjectSection
EndProject
Project("{8BC9CEB8-8B4A-11D0-8D11-00A0C91BC942}") = "Task_7", "Урок 15\Задания для самостоятельной работы\Task_7\Task_7.vcxproj", "{A4968A2B-2C27-495B-91D9-F0135B68CF78}"
	ProjectSection(ProjectDependencies) = postProject
		{DE429BF0-4542-4E86-B326-36255F29D4FE} = {DE429BF0-4542-4E86-B326-36255F29D4FE}
	EndProjectSection
EndProject
Project("{8BC9CEB8-8B4A-11D0-8D11-00A0C91BC942}") = "MatrixLibrary", "Урок 15\Задания для самостоятельной работы\MatrixLibrary\MatrixLibrary.vcxproj", "{DE429BF0-4542-4E86-B326-36255F29D4FE}"
EndProject
Project("{2150E333-8FDC-42A3-9474-1A3956D46DE8}") = "Урок 16", "Урок 16", "{3DD3D97E-C8C5-410A-B367-CDCCDB436542}"
EndProject
Project("{2150E333-8FDC-42A3-9474-1A3956D46DE8}") = "Задания для самостоятельной работы", "Задания для самостоятельной работы", "{C96D6FBF-1212-46D6-B2E3-FDEFBD3BE4A4}"
EndProject
Project("{2150E333-8FDC-42A3-9474-1A3956D46DE8}") = "ДЗ после урока", "ДЗ после урока", "{0AA2B49F-7716-495A-8657-470D29DA82CB}"
EndProject
Project("{2150E333-8FDC-42A3-9474-1A3956D46DE8}") = "Песочница", "Песочница", "{0E02BFB7-A025-4360-8C0B-A929B23D8360}"
EndProject
Project("{8BC9CEB8-8B4A-11D0-8D11-00A0C91BC942}") = "InitStruct", "Урок 16\Песочница\AllAboutStruct\AllAboutStruct.vcxproj", "{4E369377-0A14-40EB-8EBD-89D9C48B876C}"
EndProject
Project("{8BC9CEB8-8B4A-11D0-8D11-00A0C91BC942}") = "ActionStruct", "Урок 16\Песочница\ActionStruct\ActionStruct.vcxproj", "{767AA393-D4A9-42A8-B2E4-D4688A3F260B}"
EndProject
Project("{8BC9CEB8-8B4A-11D0-8D11-00A0C91BC942}") = "SizeOf", "Урок 16\Песочница\SizeOf\SizeOf.vcxproj", "{53E3961A-952D-4A81-AB42-3374BEB43B62}"
EndProject
Project("{8BC9CEB8-8B4A-11D0-8D11-00A0C91BC942}") = "Task_1", "Урок 16\ДЗ после урока\Task_1\Task_1.vcxproj", "{0B066295-964A-4728-A9A5-E00F921963A0}"
EndProject
Project("{8BC9CEB8-8B4A-11D0-8D11-00A0C91BC942}") = "Task_2", "Урок 16\ДЗ после урока\Task_2\Task_2.vcxproj", "{628CCBE3-0EC4-42ED-ADAA-25BCA70BE9FE}"
EndProject
Global
	GlobalSection(SolutionConfigurationPlatforms) = preSolution
		Debug|x64 = Debug|x64
		Debug|x86 = Debug|x86
		Release|x64 = Release|x64
		Release|x86 = Release|x86
	EndGlobalSection
	GlobalSection(ProjectConfigurationPlatforms) = postSolution
		{76598DC9-6B25-4148-924C-A9E990B1405C}.Debug|x64.ActiveCfg = Debug|x64
		{76598DC9-6B25-4148-924C-A9E990B1405C}.Debug|x64.Build.0 = Debug|x64
		{76598DC9-6B25-4148-924C-A9E990B1405C}.Debug|x86.ActiveCfg = Debug|Win32
		{76598DC9-6B25-4148-924C-A9E990B1405C}.Debug|x86.Build.0 = Debug|Win32
		{76598DC9-6B25-4148-924C-A9E990B1405C}.Release|x64.ActiveCfg = Release|x64
		{76598DC9-6B25-4148-924C-A9E990B1405C}.Release|x64.Build.0 = Release|x64
		{76598DC9-6B25-4148-924C-A9E990B1405C}.Release|x86.ActiveCfg = Release|Win32
		{76598DC9-6B25-4148-924C-A9E990B1405C}.Release|x86.Build.0 = Release|Win32
		{B03B2C9E-3E57-422E-9038-E5FB13575812}.Debug|x64.ActiveCfg = Debug|x64
		{B03B2C9E-3E57-422E-9038-E5FB13575812}.Debug|x64.Build.0 = Debug|x64
		{B03B2C9E-3E57-422E-9038-E5FB13575812}.Debug|x86.ActiveCfg = Debug|Win32
		{B03B2C9E-3E57-422E-9038-E5FB13575812}.Debug|x86.Build.0 = Debug|Win32
		{B03B2C9E-3E57-422E-9038-E5FB13575812}.Release|x64.ActiveCfg = Release|x64
		{B03B2C9E-3E57-422E-9038-E5FB13575812}.Release|x64.Build.0 = Release|x64
		{B03B2C9E-3E57-422E-9038-E5FB13575812}.Release|x86.ActiveCfg = Release|Win32
		{B03B2C9E-3E57-422E-9038-E5FB13575812}.Release|x86.Build.0 = Release|Win32
		{F2F27996-223A-4DF9-9AE9-59543FDCB6D0}.Debug|x64.ActiveCfg = Debug|x64
		{F2F27996-223A-4DF9-9AE9-59543FDCB6D0}.Debug|x64.Build.0 = Debug|x64
		{F2F27996-223A-4DF9-9AE9-59543FDCB6D0}.Debug|x86.ActiveCfg = Debug|Win32
		{F2F27996-223A-4DF9-9AE9-59543FDCB6D0}.Debug|x86.Build.0 = Debug|Win32
		{F2F27996-223A-4DF9-9AE9-59543FDCB6D0}.Release|x64.ActiveCfg = Release|x64
		{F2F27996-223A-4DF9-9AE9-59543FDCB6D0}.Release|x64.Build.0 = Release|x64
		{F2F27996-223A-4DF9-9AE9-59543FDCB6D0}.Release|x86.ActiveCfg = Release|Win32
		{F2F27996-223A-4DF9-9AE9-59543FDCB6D0}.Release|x86.Build.0 = Release|Win32
		{3FD0A15E-8694-4BDB-8854-55E8E3BD8257}.Debug|x64.ActiveCfg = Debug|x64
		{3FD0A15E-8694-4BDB-8854-55E8E3BD8257}.Debug|x64.Build.0 = Debug|x64
		{3FD0A15E-8694-4BDB-8854-55E8E3BD8257}.Debug|x86.ActiveCfg = Debug|Win32
		{3FD0A15E-8694-4BDB-8854-55E8E3BD8257}.Debug|x86.Build.0 = Debug|Win32
		{3FD0A15E-8694-4BDB-8854-55E8E3BD8257}.Release|x64.ActiveCfg = Release|x64
		{3FD0A15E-8694-4BDB-8854-55E8E3BD8257}.Release|x64.Build.0 = Release|x64
		{3FD0A15E-8694-4BDB-8854-55E8E3BD8257}.Release|x86.ActiveCfg = Release|Win32
		{3FD0A15E-8694-4BDB-8854-55E8E3BD8257}.Release|x86.Build.0 = Release|Win32
		{FA9FC81B-DBA9-4999-8CB9-BFAB6759EEEE}.Debug|x64.ActiveCfg = Debug|x64
		{FA9FC81B-DBA9-4999-8CB9-BFAB6759EEEE}.Debug|x64.Build.0 = Debug|x64
		{FA9FC81B-DBA9-4999-8CB9-BFAB6759EEEE}.Debug|x86.ActiveCfg = Debug|Win32
		{FA9FC81B-DBA9-4999-8CB9-BFAB6759EEEE}.Debug|x86.Build.0 = Debug|Win32
		{FA9FC81B-DBA9-4999-8CB9-BFAB6759EEEE}.Release|x64.ActiveCfg = Release|x64
		{FA9FC81B-DBA9-4999-8CB9-BFAB6759EEEE}.Release|x64.Build.0 = Release|x64
		{FA9FC81B-DBA9-4999-8CB9-BFAB6759EEEE}.Release|x86.ActiveCfg = Release|Win32
		{FA9FC81B-DBA9-4999-8CB9-BFAB6759EEEE}.Release|x86.Build.0 = Release|Win32
		{7D4E215A-537B-46A4-B9BF-974C0B0A7703}.Debug|x64.ActiveCfg = Debug|x64
		{7D4E215A-537B-46A4-B9BF-974C0B0A7703}.Debug|x64.Build.0 = Debug|x64
		{7D4E215A-537B-46A4-B9BF-974C0B0A7703}.Debug|x86.ActiveCfg = Debug|Win32
		{7D4E215A-537B-46A4-B9BF-974C0B0A7703}.Debug|x86.Build.0 = Debug|Win32
		{7D4E215A-537B-46A4-B9BF-974C0B0A7703}.Release|x64.ActiveCfg = Release|x64
		{7D4E215A-537B-46A4-B9BF-974C0B0A7703}.Release|x64.Build.0 = Release|x64
		{7D4E215A-537B-46A4-B9BF-974C0B0A7703}.Release|x86.ActiveCfg = Release|Win32
		{7D4E215A-537B-46A4-B9BF-974C0B0A7703}.Release|x86.Build.0 = Release|Win32
		{880A5ECF-B6B8-4A5C-A016-0BA1A4DBE16B}.Debug|x64.ActiveCfg = Debug|x64
		{880A5ECF-B6B8-4A5C-A016-0BA1A4DBE16B}.Debug|x64.Build.0 = Debug|x64
		{880A5ECF-B6B8-4A5C-A016-0BA1A4DBE16B}.Debug|x86.ActiveCfg = Debug|Win32
		{880A5ECF-B6B8-4A5C-A016-0BA1A4DBE16B}.Debug|x86.Build.0 = Debug|Win32
		{880A5ECF-B6B8-4A5C-A016-0BA1A4DBE16B}.Release|x64.ActiveCfg = Release|x64
		{880A5ECF-B6B8-4A5C-A016-0BA1A4DBE16B}.Release|x64.Build.0 = Release|x64
		{880A5ECF-B6B8-4A5C-A016-0BA1A4DBE16B}.Release|x86.ActiveCfg = Release|Win32
		{880A5ECF-B6B8-4A5C-A016-0BA1A4DBE16B}.Release|x86.Build.0 = Release|Win32
		{711254EB-AB74-4C9F-B5D1-30BED2D80567}.Debug|x64.ActiveCfg = Debug|x64
		{711254EB-AB74-4C9F-B5D1-30BED2D80567}.Debug|x64.Build.0 = Debug|x64
		{711254EB-AB74-4C9F-B5D1-30BED2D80567}.Debug|x86.ActiveCfg = Debug|Win32
		{711254EB-AB74-4C9F-B5D1-30BED2D80567}.Debug|x86.Build.0 = Debug|Win32
		{711254EB-AB74-4C9F-B5D1-30BED2D80567}.Release|x64.ActiveCfg = Release|x64
		{711254EB-AB74-4C9F-B5D1-30BED2D80567}.Release|x64.Build.0 = Release|x64
		{711254EB-AB74-4C9F-B5D1-30BED2D80567}.Release|x86.ActiveCfg = Release|Win32
		{711254EB-AB74-4C9F-B5D1-30BED2D80567}.Release|x86.Build.0 = Release|Win32
		{DB459A0F-861D-46C7-9040-59D832B1E505}.Debug|x64.ActiveCfg = Debug|x64
		{DB459A0F-861D-46C7-9040-59D832B1E505}.Debug|x64.Build.0 = Debug|x64
		{DB459A0F-861D-46C7-9040-59D832B1E505}.Debug|x86.ActiveCfg = Debug|Win32
		{DB459A0F-861D-46C7-9040-59D832B1E505}.Debug|x86.Build.0 = Debug|Win32
		{DB459A0F-861D-46C7-9040-59D832B1E505}.Release|x64.ActiveCfg = Release|x64
		{DB459A0F-861D-46C7-9040-59D832B1E505}.Release|x64.Build.0 = Release|x64
		{DB459A0F-861D-46C7-9040-59D832B1E505}.Release|x86.ActiveCfg = Release|Win32
		{DB459A0F-861D-46C7-9040-59D832B1E505}.Release|x86.Build.0 = Release|Win32
		{60FF64A9-CCB1-4F03-92EE-B30FE4208E3B}.Debug|x64.ActiveCfg = Debug|x64
		{60FF64A9-CCB1-4F03-92EE-B30FE4208E3B}.Debug|x64.Build.0 = Debug|x64
		{60FF64A9-CCB1-4F03-92EE-B30FE4208E3B}.Debug|x86.ActiveCfg = Debug|Win32
		{60FF64A9-CCB1-4F03-92EE-B30FE4208E3B}.Debug|x86.Build.0 = Debug|Win32
		{60FF64A9-CCB1-4F03-92EE-B30FE4208E3B}.Release|x64.ActiveCfg = Release|x64
		{60FF64A9-CCB1-4F03-92EE-B30FE4208E3B}.Release|x64.Build.0 = Release|x64
		{60FF64A9-CCB1-4F03-92EE-B30FE4208E3B}.Release|x86.ActiveCfg = Release|Win32
		{60FF64A9-CCB1-4F03-92EE-B30FE4208E3B}.Release|x86.Build.0 = Release|Win32
		{7F92D5F5-84D7-462A-BA2D-1DF3B481BD39}.Debug|x64.ActiveCfg = Debug|x64
		{7F92D5F5-84D7-462A-BA2D-1DF3B481BD39}.Debug|x64.Build.0 = Debug|x64
		{7F92D5F5-84D7-462A-BA2D-1DF3B481BD39}.Debug|x86.ActiveCfg = Debug|Win32
		{7F92D5F5-84D7-462A-BA2D-1DF3B481BD39}.Debug|x86.Build.0 = Debug|Win32
		{7F92D5F5-84D7-462A-BA2D-1DF3B481BD39}.Release|x64.ActiveCfg = Release|x64
		{7F92D5F5-84D7-462A-BA2D-1DF3B481BD39}.Release|x64.Build.0 = Release|x64
		{7F92D5F5-84D7-462A-BA2D-1DF3B481BD39}.Release|x86.ActiveCfg = Release|Win32
		{7F92D5F5-84D7-462A-BA2D-1DF3B481BD39}.Release|x86.Build.0 = Release|Win32
		{1BD6B8BF-992E-4708-9EEE-CEF904A94FE1}.Debug|x64.ActiveCfg = Debug|x64
		{1BD6B8BF-992E-4708-9EEE-CEF904A94FE1}.Debug|x64.Build.0 = Debug|x64
		{1BD6B8BF-992E-4708-9EEE-CEF904A94FE1}.Debug|x86.ActiveCfg = Debug|Win32
		{1BD6B8BF-992E-4708-9EEE-CEF904A94FE1}.Debug|x86.Build.0 = Debug|Win32
		{1BD6B8BF-992E-4708-9EEE-CEF904A94FE1}.Release|x64.ActiveCfg = Release|x64
		{1BD6B8BF-992E-4708-9EEE-CEF904A94FE1}.Release|x64.Build.0 = Release|x64
		{1BD6B8BF-992E-4708-9EEE-CEF904A94FE1}.Release|x86.ActiveCfg = Release|Win32
		{1BD6B8BF-992E-4708-9EEE-CEF904A94FE1}.Release|x86.Build.0 = Release|Win32
		{F18A0338-1AE5-4CBD-8566-3CA7E99E4538}.Debug|x64.ActiveCfg = Debug|x64
		{F18A0338-1AE5-4CBD-8566-3CA7E99E4538}.Debug|x64.Build.0 = Debug|x64
		{F18A0338-1AE5-4CBD-8566-3CA7E99E4538}.Debug|x86.ActiveCfg = Debug|Win32
		{F18A0338-1AE5-4CBD-8566-3CA7E99E4538}.Debug|x86.Build.0 = Debug|Win32
		{F18A0338-1AE5-4CBD-8566-3CA7E99E4538}.Release|x64.ActiveCfg = Release|x64
		{F18A0338-1AE5-4CBD-8566-3CA7E99E4538}.Release|x64.Build.0 = Release|x64
		{F18A0338-1AE5-4CBD-8566-3CA7E99E4538}.Release|x86.ActiveCfg = Release|Win32
		{F18A0338-1AE5-4CBD-8566-3CA7E99E4538}.Release|x86.Build.0 = Release|Win32
		{8BAC86B5-2778-4986-90C7-FDA34CC5F192}.Debug|x64.ActiveCfg = Debug|x64
		{8BAC86B5-2778-4986-90C7-FDA34CC5F192}.Debug|x64.Build.0 = Debug|x64
		{8BAC86B5-2778-4986-90C7-FDA34CC5F192}.Debug|x86.ActiveCfg = Debug|Win32
		{8BAC86B5-2778-4986-90C7-FDA34CC5F192}.Debug|x86.Build.0 = Debug|Win32
		{8BAC86B5-2778-4986-90C7-FDA34CC5F192}.Release|x64.ActiveCfg = Release|x64
		{8BAC86B5-2778-4986-90C7-FDA34CC5F192}.Release|x64.Build.0 = Release|x64
		{8BAC86B5-2778-4986-90C7-FDA34CC5F192}.Release|x86.ActiveCfg = Release|Win32
		{8BAC86B5-2778-4986-90C7-FDA34CC5F192}.Release|x86.Build.0 = Release|Win32
		{9B2FD77C-5BC6-4415-84E7-BA32F52EC1DC}.Debug|x64.ActiveCfg = Debug|x64
		{9B2FD77C-5BC6-4415-84E7-BA32F52EC1DC}.Debug|x64.Build.0 = Debug|x64
		{9B2FD77C-5BC6-4415-84E7-BA32F52EC1DC}.Debug|x86.ActiveCfg = Debug|Win32
		{9B2FD77C-5BC6-4415-84E7-BA32F52EC1DC}.Debug|x86.Build.0 = Debug|Win32
		{9B2FD77C-5BC6-4415-84E7-BA32F52EC1DC}.Release|x64.ActiveCfg = Release|x64
		{9B2FD77C-5BC6-4415-84E7-BA32F52EC1DC}.Release|x64.Build.0 = Release|x64
		{9B2FD77C-5BC6-4415-84E7-BA32F52EC1DC}.Release|x86.ActiveCfg = Release|Win32
		{9B2FD77C-5BC6-4415-84E7-BA32F52EC1DC}.Release|x86.Build.0 = Release|Win32
		{8CFE8F35-3B7B-4529-AC98-C89840CD9842}.Debug|x64.ActiveCfg = Debug|x64
		{8CFE8F35-3B7B-4529-AC98-C89840CD9842}.Debug|x64.Build.0 = Debug|x64
		{8CFE8F35-3B7B-4529-AC98-C89840CD9842}.Debug|x86.ActiveCfg = Debug|Win32
		{8CFE8F35-3B7B-4529-AC98-C89840CD9842}.Debug|x86.Build.0 = Debug|Win32
		{8CFE8F35-3B7B-4529-AC98-C89840CD9842}.Release|x64.ActiveCfg = Release|x64
		{8CFE8F35-3B7B-4529-AC98-C89840CD9842}.Release|x64.Build.0 = Release|x64
		{8CFE8F35-3B7B-4529-AC98-C89840CD9842}.Release|x86.ActiveCfg = Release|Win32
		{8CFE8F35-3B7B-4529-AC98-C89840CD9842}.Release|x86.Build.0 = Release|Win32
		{380FCA79-BBFE-420A-B246-1FF126B261FC}.Debug|x64.ActiveCfg = Debug|x64
		{380FCA79-BBFE-420A-B246-1FF126B261FC}.Debug|x64.Build.0 = Debug|x64
		{380FCA79-BBFE-420A-B246-1FF126B261FC}.Debug|x86.ActiveCfg = Debug|Win32
		{380FCA79-BBFE-420A-B246-1FF126B261FC}.Debug|x86.Build.0 = Debug|Win32
		{380FCA79-BBFE-420A-B246-1FF126B261FC}.Release|x64.ActiveCfg = Release|x64
		{380FCA79-BBFE-420A-B246-1FF126B261FC}.Release|x64.Build.0 = Release|x64
		{380FCA79-BBFE-420A-B246-1FF126B261FC}.Release|x86.ActiveCfg = Release|Win32
		{380FCA79-BBFE-420A-B246-1FF126B261FC}.Release|x86.Build.0 = Release|Win32
		{A4968A2B-2C27-495B-91D9-F0135B68CF78}.Debug|x64.ActiveCfg = Debug|x64
		{A4968A2B-2C27-495B-91D9-F0135B68CF78}.Debug|x64.Build.0 = Debug|x64
		{A4968A2B-2C27-495B-91D9-F0135B68CF78}.Debug|x86.ActiveCfg = Debug|Win32
		{A4968A2B-2C27-495B-91D9-F0135B68CF78}.Debug|x86.Build.0 = Debug|Win32
		{A4968A2B-2C27-495B-91D9-F0135B68CF78}.Release|x64.ActiveCfg = Release|x64
		{A4968A2B-2C27-495B-91D9-F0135B68CF78}.Release|x64.Build.0 = Release|x64
		{A4968A2B-2C27-495B-91D9-F0135B68CF78}.Release|x86.ActiveCfg = Release|Win32
		{A4968A2B-2C27-495B-91D9-F0135B68CF78}.Release|x86.Build.0 = Release|Win32
		{DE429BF0-4542-4E86-B326-36255F29D4FE}.Debug|x64.ActiveCfg = Debug|x64
		{DE429BF0-4542-4E86-B326-36255F29D4FE}.Debug|x64.Build.0 = Debug|x64
		{DE429BF0-4542-4E86-B326-36255F29D4FE}.Debug|x86.ActiveCfg = Debug|Win32
		{DE429BF0-4542-4E86-B326-36255F29D4FE}.Debug|x86.Build.0 = Debug|Win32
		{DE429BF0-4542-4E86-B326-36255F29D4FE}.Release|x64.ActiveCfg = Release|x64
		{DE429BF0-4542-4E86-B326-36255F29D4FE}.Release|x64.Build.0 = Release|x64
		{DE429BF0-4542-4E86-B326-36255F29D4FE}.Release|x86.ActiveCfg = Release|Win32
		{DE429BF0-4542-4E86-B326-36255F29D4FE}.Release|x86.Build.0 = Release|Win32
		{4E369377-0A14-40EB-8EBD-89D9C48B876C}.Debug|x64.ActiveCfg = Debug|x64
		{4E369377-0A14-40EB-8EBD-89D9C48B876C}.Debug|x64.Build.0 = Debug|x64
		{4E369377-0A14-40EB-8EBD-89D9C48B876C}.Debug|x86.ActiveCfg = Debug|Win32
		{4E369377-0A14-40EB-8EBD-89D9C48B876C}.Debug|x86.Build.0 = Debug|Win32
		{4E369377-0A14-40EB-8EBD-89D9C48B876C}.Release|x64.ActiveCfg = Release|x64
		{4E369377-0A14-40EB-8EBD-89D9C48B876C}.Release|x64.Build.0 = Release|x64
		{4E369377-0A14-40EB-8EBD-89D9C48B876C}.Release|x86.ActiveCfg = Release|Win32
		{4E369377-0A14-40EB-8EBD-89D9C48B876C}.Release|x86.Build.0 = Release|Win32
		{767AA393-D4A9-42A8-B2E4-D4688A3F260B}.Debug|x64.ActiveCfg = Debug|x64
		{767AA393-D4A9-42A8-B2E4-D4688A3F260B}.Debug|x64.Build.0 = Debug|x64
		{767AA393-D4A9-42A8-B2E4-D4688A3F260B}.Debug|x86.ActiveCfg = Debug|Win32
		{767AA393-D4A9-42A8-B2E4-D4688A3F260B}.Debug|x86.Build.0 = Debug|Win32
		{767AA393-D4A9-42A8-B2E4-D4688A3F260B}.Release|x64.ActiveCfg = Release|x64
		{767AA393-D4A9-42A8-B2E4-D4688A3F260B}.Release|x64.Build.0 = Release|x64
		{767AA393-D4A9-42A8-B2E4-D4688A3F260B}.Release|x86.ActiveCfg = Release|Win32
		{767AA393-D4A9-42A8-B2E4-D4688A3F260B}.Release|x86.Build.0 = Release|Win32
		{53E3961A-952D-4A81-AB42-3374BEB43B62}.Debug|x64.ActiveCfg = Debug|x64
		{53E3961A-952D-4A81-AB42-3374BEB43B62}.Debug|x64.Build.0 = Debug|x64
		{53E3961A-952D-4A81-AB42-3374BEB43B62}.Debug|x86.ActiveCfg = Debug|Win32
		{53E3961A-952D-4A81-AB42-3374BEB43B62}.Debug|x86.Build.0 = Debug|Win32
		{53E3961A-952D-4A81-AB42-3374BEB43B62}.Release|x64.ActiveCfg = Release|x64
		{53E3961A-952D-4A81-AB42-3374BEB43B62}.Release|x64.Build.0 = Release|x64
		{53E3961A-952D-4A81-AB42-3374BEB43B62}.Release|x86.ActiveCfg = Release|Win32
		{53E3961A-952D-4A81-AB42-3374BEB43B62}.Release|x86.Build.0 = Release|Win32
		{0B066295-964A-4728-A9A5-E00F921963A0}.Debug|x64.ActiveCfg = Debug|x64
		{0B066295-964A-4728-A9A5-E00F921963A0}.Debug|x64.Build.0 = Debug|x64
		{0B066295-964A-4728-A9A5-E00F921963A0}.Debug|x86.ActiveCfg = Debug|Win32
		{0B066295-964A-4728-A9A5-E00F921963A0}.Debug|x86.Build.0 = Debug|Win32
		{0B066295-964A-4728-A9A5-E00F921963A0}.Release|x64.ActiveCfg = Release|x64
		{0B066295-964A-4728-A9A5-E00F921963A0}.Release|x64.Build.0 = Release|x64
		{0B066295-964A-4728-A9A5-E00F921963A0}.Release|x86.ActiveCfg = Release|Win32
		{0B066295-964A-4728-A9A5-E00F921963A0}.Release|x86.Build.0 = Release|Win32
		{628CCBE3-0EC4-42ED-ADAA-25BCA70BE9FE}.Debug|x64.ActiveCfg = Debug|x64
		{628CCBE3-0EC4-42ED-ADAA-25BCA70BE9FE}.Debug|x64.Build.0 = Debug|x64
		{628CCBE3-0EC4-42ED-ADAA-25BCA70BE9FE}.Debug|x86.ActiveCfg = Debug|Win32
		{628CCBE3-0EC4-42ED-ADAA-25BCA70BE9FE}.Debug|x86.Build.0 = Debug|Win32
		{628CCBE3-0EC4-42ED-ADAA-25BCA70BE9FE}.Release|x64.ActiveCfg = Release|x64
		{628CCBE3-0EC4-42ED-ADAA-25BCA70BE9FE}.Release|x64.Build.0 = Release|x64
		{628CCBE3-0EC4-42ED-ADAA-25BCA70BE9FE}.Release|x86.ActiveCfg = Release|Win32
		{628CCBE3-0EC4-42ED-ADAA-25BCA70BE9FE}.Release|x86.Build.0 = Release|Win32
	EndGlobalSection
	GlobalSection(SolutionProperties) = preSolution
		HideSolutionNode = FALSE
	EndGlobalSection
	GlobalSection(NestedProjects) = preSolution
		{6F9CE728-ED33-4C66-835E-8879D18D48FB} = {CBCBCA2D-A484-44A1-9B4B-DDFD86D26DAE}
		{4B3032CD-BEBC-4C78-8AD3-9F6953B9C590} = {CBCBCA2D-A484-44A1-9B4B-DDFD86D26DAE}
		{76598DC9-6B25-4148-924C-A9E990B1405C} = {6F9CE728-ED33-4C66-835E-8879D18D48FB}
		{B03B2C9E-3E57-422E-9038-E5FB13575812} = {6F9CE728-ED33-4C66-835E-8879D18D48FB}
		{F2F27996-223A-4DF9-9AE9-59543FDCB6D0} = {6F9CE728-ED33-4C66-835E-8879D18D48FB}
		{3FD0A15E-8694-4BDB-8854-55E8E3BD8257} = {6F9CE728-ED33-4C66-835E-8879D18D48FB}
		{FA9FC81B-DBA9-4999-8CB9-BFAB6759EEEE} = {6F9CE728-ED33-4C66-835E-8879D18D48FB}
		{7D4E215A-537B-46A4-B9BF-974C0B0A7703} = {4B3032CD-BEBC-4C78-8AD3-9F6953B9C590}
		{880A5ECF-B6B8-4A5C-A016-0BA1A4DBE16B} = {4B3032CD-BEBC-4C78-8AD3-9F6953B9C590}
		{711254EB-AB74-4C9F-B5D1-30BED2D80567} = {4B3032CD-BEBC-4C78-8AD3-9F6953B9C590}
		{DB459A0F-861D-46C7-9040-59D832B1E505} = {4B3032CD-BEBC-4C78-8AD3-9F6953B9C590}
		{60FF64A9-CCB1-4F03-92EE-B30FE4208E3B} = {4B3032CD-BEBC-4C78-8AD3-9F6953B9C590}
		{7F92D5F5-84D7-462A-BA2D-1DF3B481BD39} = {4B3032CD-BEBC-4C78-8AD3-9F6953B9C590}
		{5A8EBB49-61E4-4656-A30A-8C7AC8E6DBEF} = {F8391325-74B3-4AB6-8DFE-46EDCD5C166D}
		{1BD6B8BF-992E-4708-9EEE-CEF904A94FE1} = {5A8EBB49-61E4-4656-A30A-8C7AC8E6DBEF}
		{F18A0338-1AE5-4CBD-8566-3CA7E99E4538} = {5A8EBB49-61E4-4656-A30A-8C7AC8E6DBEF}
		{8BAC86B5-2778-4986-90C7-FDA34CC5F192} = {5A8EBB49-61E4-4656-A30A-8C7AC8E6DBEF}
		{9B2FD77C-5BC6-4415-84E7-BA32F52EC1DC} = {5A8EBB49-61E4-4656-A30A-8C7AC8E6DBEF}
		{8CFE8F35-3B7B-4529-AC98-C89840CD9842} = {5A8EBB49-61E4-4656-A30A-8C7AC8E6DBEF}
		{380FCA79-BBFE-420A-B246-1FF126B261FC} = {5A8EBB49-61E4-4656-A30A-8C7AC8E6DBEF}
		{A4968A2B-2C27-495B-91D9-F0135B68CF78} = {5A8EBB49-61E4-4656-A30A-8C7AC8E6DBEF}
		{DE429BF0-4542-4E86-B326-36255F29D4FE} = {5A8EBB49-61E4-4656-A30A-8C7AC8E6DBEF}
		{C96D6FBF-1212-46D6-B2E3-FDEFBD3BE4A4} = {3DD3D97E-C8C5-410A-B367-CDCCDB436542}
		{0AA2B49F-7716-495A-8657-470D29DA82CB} = {3DD3D97E-C8C5-410A-B367-CDCCDB436542}
		{0E02BFB7-A025-4360-8C0B-A929B23D8360} = {3DD3D97E-C8C5-410A-B367-CDCCDB436542}
		{4E369377-0A14-40EB-8EBD-89D9C48B876C} = {0E02BFB7-A025-4360-8C0B-A929B23D8360}
		{767AA393-D4A9-42A8-B2E4-D4688A3F260B} = {0E02BFB7-A025-4360-8C0B-A929B23D8360}
		{53E3961A-952D-4A81-AB42-3374BEB43B62} = {0E02BFB7-A025-4360-8C0B-A929B23D8360}
		{0B066295-964A-4728-A9A5-E00F921963A0} = {0AA2B49F-7716-495A-8657-470D29DA82CB}
		{628CCBE3-0EC4-42ED-ADAA-25BCA70BE9FE} = {0AA2B49F-7716-495A-8657-470D29DA82CB}
	EndGlobalSection
	GlobalSection(ExtensibilityGlobals) = postSolution
		SolutionGuid = {17593C27-7398-48AD-851D-E290D95F4C0E}
	EndGlobalSection
EndGlobal
