
Microsoft Visual Studio Solution File, Format Version 12.00
# Visual Studio Version 17
VisualStudioVersion = 17.9.34714.143
MinimumVisualStudioVersion = 10.0.40219.1
Project("{8BC9CEB8-8B4A-11D0-8D11-00A0C91BC942}") = "Task_1", "Task_1\Task_1.vcxproj", "{C7FB0825-4579-47C6-840C-B3C9A462534E}"
EndProject
Project("{8BC9CEB8-8B4A-11D0-8D11-00A0C91BC942}") = "Task_2", "Task_2\Task_2.vcxproj", "{9F701A6D-DA05-4E59-85D3-41F09ED0AD00}"
EndProject
Project("{8BC9CEB8-8B4A-11D0-8D11-00A0C91BC942}") = "Task_3", "Task_3\Task_3.vcxproj", "{DA61499E-CB78-4B91-8A0A-46C03D0B2B7A}"
EndProject
Project("{8BC9CEB8-8B4A-11D0-8D11-00A0C91BC942}") = "Task_4", "Task_4\Task_4.vcxproj", "{96F547A0-BEEE-43BB-BD13-8EF693DD04C4}"
EndProject
Project("{8BC9CEB8-8B4A-11D0-8D11-00A0C91BC942}") = "Task_5", "Task_5\Task_5.vcxproj", "{ABEB0943-D901-4162-B0B0-E6F94A0AD655}"
EndProject
Project("{2150E333-8FDC-42A3-9474-1A3956D46DE8}") = "Урок 14", "Урок 14", "{CBCBCA2D-A484-44A1-9B4B-DDFD86D26DAE}"
EndProject
Project("{2150E333-8FDC-42A3-9474-1A3956D46DE8}") = "Урок 15", "Урок 15", "{F8391325-74B3-4AB6-8DFE-46EDCD5C166D}"
EndProject
Global
	GlobalSection(SolutionConfigurationPlatforms) = preSolution
		Debug|x64 = Debug|x64
		Debug|x86 = Debug|x86
		Release|x64 = Release|x64
		Release|x86 = Release|x86
	EndGlobalSection
	GlobalSection(ProjectConfigurationPlatforms) = postSolution
		{C7FB0825-4579-47C6-840C-B3C9A462534E}.Debug|x64.ActiveCfg = Debug|x64
		{C7FB0825-4579-47C6-840C-B3C9A462534E}.Debug|x64.Build.0 = Debug|x64
		{C7FB0825-4579-47C6-840C-B3C9A462534E}.Debug|x86.ActiveCfg = Debug|Win32
		{C7FB0825-4579-47C6-840C-B3C9A462534E}.Debug|x86.Build.0 = Debug|Win32
		{C7FB0825-4579-47C6-840C-B3C9A462534E}.Release|x64.ActiveCfg = Release|x64
		{C7FB0825-4579-47C6-840C-B3C9A462534E}.Release|x64.Build.0 = Release|x64
		{C7FB0825-4579-47C6-840C-B3C9A462534E}.Release|x86.ActiveCfg = Release|Win32
		{C7FB0825-4579-47C6-840C-B3C9A462534E}.Release|x86.Build.0 = Release|Win32
		{9F701A6D-DA05-4E59-85D3-41F09ED0AD00}.Debug|x64.ActiveCfg = Debug|x64
		{9F701A6D-DA05-4E59-85D3-41F09ED0AD00}.Debug|x64.Build.0 = Debug|x64
		{9F701A6D-DA05-4E59-85D3-41F09ED0AD00}.Debug|x86.ActiveCfg = Debug|Win32
		{9F701A6D-DA05-4E59-85D3-41F09ED0AD00}.Debug|x86.Build.0 = Debug|Win32
		{9F701A6D-DA05-4E59-85D3-41F09ED0AD00}.Release|x64.ActiveCfg = Release|x64
		{9F701A6D-DA05-4E59-85D3-41F09ED0AD00}.Release|x64.Build.0 = Release|x64
		{9F701A6D-DA05-4E59-85D3-41F09ED0AD00}.Release|x86.ActiveCfg = Release|Win32
		{9F701A6D-DA05-4E59-85D3-41F09ED0AD00}.Release|x86.Build.0 = Release|Win32
		{DA61499E-CB78-4B91-8A0A-46C03D0B2B7A}.Debug|x64.ActiveCfg = Debug|x64
		{DA61499E-CB78-4B91-8A0A-46C03D0B2B7A}.Debug|x64.Build.0 = Debug|x64
		{DA61499E-CB78-4B91-8A0A-46C03D0B2B7A}.Debug|x86.ActiveCfg = Debug|Win32
		{DA61499E-CB78-4B91-8A0A-46C03D0B2B7A}.Debug|x86.Build.0 = Debug|Win32
		{DA61499E-CB78-4B91-8A0A-46C03D0B2B7A}.Release|x64.ActiveCfg = Release|x64
		{DA61499E-CB78-4B91-8A0A-46C03D0B2B7A}.Release|x64.Build.0 = Release|x64
		{DA61499E-CB78-4B91-8A0A-46C03D0B2B7A}.Release|x86.ActiveCfg = Release|Win32
		{DA61499E-CB78-4B91-8A0A-46C03D0B2B7A}.Release|x86.Build.0 = Release|Win32
		{96F547A0-BEEE-43BB-BD13-8EF693DD04C4}.Debug|x64.ActiveCfg = Debug|x64
		{96F547A0-BEEE-43BB-BD13-8EF693DD04C4}.Debug|x64.Build.0 = Debug|x64
		{96F547A0-BEEE-43BB-BD13-8EF693DD04C4}.Debug|x86.ActiveCfg = Debug|Win32
		{96F547A0-BEEE-43BB-BD13-8EF693DD04C4}.Debug|x86.Build.0 = Debug|Win32
		{96F547A0-BEEE-43BB-BD13-8EF693DD04C4}.Release|x64.ActiveCfg = Release|x64
		{96F547A0-BEEE-43BB-BD13-8EF693DD04C4}.Release|x64.Build.0 = Release|x64
		{96F547A0-BEEE-43BB-BD13-8EF693DD04C4}.Release|x86.ActiveCfg = Release|Win32
		{96F547A0-BEEE-43BB-BD13-8EF693DD04C4}.Release|x86.Build.0 = Release|Win32
		{ABEB0943-D901-4162-B0B0-E6F94A0AD655}.Debug|x64.ActiveCfg = Debug|x64
		{ABEB0943-D901-4162-B0B0-E6F94A0AD655}.Debug|x64.Build.0 = Debug|x64
		{ABEB0943-D901-4162-B0B0-E6F94A0AD655}.Debug|x86.ActiveCfg = Debug|Win32
		{ABEB0943-D901-4162-B0B0-E6F94A0AD655}.Debug|x86.Build.0 = Debug|Win32
		{ABEB0943-D901-4162-B0B0-E6F94A0AD655}.Release|x64.ActiveCfg = Release|x64
		{ABEB0943-D901-4162-B0B0-E6F94A0AD655}.Release|x64.Build.0 = Release|x64
		{ABEB0943-D901-4162-B0B0-E6F94A0AD655}.Release|x86.ActiveCfg = Release|Win32
		{ABEB0943-D901-4162-B0B0-E6F94A0AD655}.Release|x86.Build.0 = Release|Win32
	EndGlobalSection
	GlobalSection(SolutionProperties) = preSolution
		HideSolutionNode = FALSE
	EndGlobalSection
	GlobalSection(NestedProjects) = preSolution
		{C7FB0825-4579-47C6-840C-B3C9A462534E} = {CBCBCA2D-A484-44A1-9B4B-DDFD86D26DAE}
		{9F701A6D-DA05-4E59-85D3-41F09ED0AD00} = {CBCBCA2D-A484-44A1-9B4B-DDFD86D26DAE}
		{DA61499E-CB78-4B91-8A0A-46C03D0B2B7A} = {CBCBCA2D-A484-44A1-9B4B-DDFD86D26DAE}
		{96F547A0-BEEE-43BB-BD13-8EF693DD04C4} = {CBCBCA2D-A484-44A1-9B4B-DDFD86D26DAE}
		{ABEB0943-D901-4162-B0B0-E6F94A0AD655} = {CBCBCA2D-A484-44A1-9B4B-DDFD86D26DAE}
	EndGlobalSection
	GlobalSection(ExtensibilityGlobals) = postSolution
		SolutionGuid = {17593C27-7398-48AD-851D-E290D95F4C0E}
	EndGlobalSection
EndGlobal
